// !$*UTF8*$!
{
	archiveVersion = 1;
	classes = {
	};
	objectVersion = 46;
	objects = {

/* Begin PBXBuildFile section */
		607FACD61AFB9204008FA782 /* AppDelegate.swift in Sources */ = {isa = PBXBuildFile; fileRef = 607FACD51AFB9204008FA782 /* AppDelegate.swift */; };
		607FACD81AFB9204008FA782 /* ViewController.swift in Sources */ = {isa = PBXBuildFile; fileRef = 607FACD71AFB9204008FA782 /* ViewController.swift */; };
		607FACDB1AFB9204008FA782 /* Main.storyboard in Resources */ = {isa = PBXBuildFile; fileRef = 607FACD91AFB9204008FA782 /* Main.storyboard */; };
		607FACDD1AFB9204008FA782 /* Images.xcassets in Resources */ = {isa = PBXBuildFile; fileRef = 607FACDC1AFB9204008FA782 /* Images.xcassets */; };
		607FACE01AFB9204008FA782 /* LaunchScreen.xib in Resources */ = {isa = PBXBuildFile; fileRef = 607FACDE1AFB9204008FA782 /* LaunchScreen.xib */; };
		8C4186EC1D7DAD42006FDB55 /* OCSlimProject_AcceptanceTests.m in Sources */ = {isa = PBXBuildFile; fileRef = 8C4186EB1D7DAD42006FDB55 /* OCSlimProject_AcceptanceTests.m */; };
		8C4186EF1D7DAD42006FDB55 /* FixtureExample.swift in Sources */ = {isa = PBXBuildFile; fileRef = 8C4186EE1D7DAD42006FDB55 /* FixtureExample.swift */; };
		8C4186FF1D7DADC5006FDB55 /* OCSlimProject_AcceptanceTestsMac.m in Sources */ = {isa = PBXBuildFile; fileRef = 8C4186FE1D7DADC5006FDB55 /* OCSlimProject_AcceptanceTestsMac.m */; };
		8C4187021D7DADC5006FDB55 /* FixtureExample.swift in Sources */ = {isa = PBXBuildFile; fileRef = 8C4187011D7DADC5006FDB55 /* FixtureExample.swift */; };
		8C4187061D7DADC5006FDB55 /* Empty.xib in Resources */ = {isa = PBXBuildFile; fileRef = 8C4187051D7DADC5006FDB55 /* Empty.xib */; };
		8C464D8C1D59B97C0000EF7B /* OCSPPrincipalTestObserver.m in Sources */ = {isa = PBXBuildFile; fileRef = 8C464D3F1D58D3290000EF7B /* OCSPPrincipalTestObserver.m */; };
		8C464D8D1D59B97C0000EF7B /* OCSPPrincipalTestObserverTests.m in Sources */ = {isa = PBXBuildFile; fileRef = 8C464D401D58D3290000EF7B /* OCSPPrincipalTestObserverTests.m */; };
		8C464D8E1D59B9950000EF7B /* OCSPAssertRecorder.m in Sources */ = {isa = PBXBuildFile; fileRef = 8C634EB11D379FAD00E95652 /* OCSPAssertRecorder.m */; };
		8C464D8F1D59B9950000EF7B /* OCSPTestSuite.m in Sources */ = {isa = PBXBuildFile; fileRef = 8C2EB3FB1D369246000C22FA /* OCSPTestSuite.m */; };
		8C464D901D59B9950000EF7B /* OCSPTestSuiteTests.m in Sources */ = {isa = PBXBuildFile; fileRef = 8C2EB3FC1D369246000C22FA /* OCSPTestSuiteTests.m */; };
		8C464D911D59B9990000EF7B /* OCSPJUnitXMLParser.m in Sources */ = {isa = PBXBuildFile; fileRef = 8C634EBC1D37BF5500E95652 /* OCSPJUnitXMLParser.m */; };
		8C464D921D59B9990000EF7B /* OCSPJUnitXMLParserTests.m in Sources */ = {isa = PBXBuildFile; fileRef = 8CADF8E71D38DA4A00731FF5 /* OCSPJUnitXMLParserTests.m */; };
		8C464D931D59B99F0000EF7B /* OCSPLocalizedMessageTable.m in Sources */ = {isa = PBXBuildFile; fileRef = 8CC377071D51E58200863DF2 /* OCSPLocalizedMessageTable.m */; };
		8C464D941D59B99F0000EF7B /* OCSPLocalizedMessageTableTests.m in Sources */ = {isa = PBXBuildFile; fileRef = 8CC3770A1D51E5C400863DF2 /* OCSPLocalizedMessageTableTests.m */; };
		8C464D981D59BAA50000EF7B /* OCSPTestDataManager.m in Sources */ = {isa = PBXBuildFile; fileRef = 8C634EB91D37BD4400E95652 /* OCSPTestDataManager.m */; };
		8C464D991D59BAB90000EF7B /* OCSPTestReportReader.m in Sources */ = {isa = PBXBuildFile; fileRef = 8C634EB41D37A1C600E95652 /* OCSPTestReportReader.m */; };
		8C464D9A1D59BAC00000EF7B /* OCSPTestReportReaderTests.m in Sources */ = {isa = PBXBuildFile; fileRef = 8CADF8E91D38DA5E00731FF5 /* OCSPTestReportReaderTests.m */; };
		8C464DB81D59BD1F0000EF7B /* OCSlimProjectTestBundleSupport.m in Sources */ = {isa = PBXBuildFile; fileRef = 8C464DB71D59BD1F0000EF7B /* OCSlimProjectTestBundleSupport.m */; };
		8C464DEE1D59D4CC0000EF7B /* OCSPPrincipalTestObserver.m in Sources */ = {isa = PBXBuildFile; fileRef = 8C464D3F1D58D3290000EF7B /* OCSPPrincipalTestObserver.m */; };
		8C464DEF1D59D4CC0000EF7B /* OCSPPrincipalTestObserverTests.m in Sources */ = {isa = PBXBuildFile; fileRef = 8C464D401D58D3290000EF7B /* OCSPPrincipalTestObserverTests.m */; };
		8C464DF01D59D4D10000EF7B /* OCSPTestSuite.m in Sources */ = {isa = PBXBuildFile; fileRef = 8C2EB3FB1D369246000C22FA /* OCSPTestSuite.m */; };
		8C464DF11D59D4D10000EF7B /* OCSPTestSuiteTests.m in Sources */ = {isa = PBXBuildFile; fileRef = 8C2EB3FC1D369246000C22FA /* OCSPTestSuiteTests.m */; };
		8C464DF21D59D4D40000EF7B /* OCSPJUnitXMLParser.m in Sources */ = {isa = PBXBuildFile; fileRef = 8C634EBC1D37BF5500E95652 /* OCSPJUnitXMLParser.m */; };
		8C464DF31D59D4D40000EF7B /* OCSPJUnitXMLParserTests.m in Sources */ = {isa = PBXBuildFile; fileRef = 8CADF8E71D38DA4A00731FF5 /* OCSPJUnitXMLParserTests.m */; };
		8C464DF41D59D4D70000EF7B /* OCSPLocalizedMessageTable.m in Sources */ = {isa = PBXBuildFile; fileRef = 8CC377071D51E58200863DF2 /* OCSPLocalizedMessageTable.m */; };
		8C464DF51D59D4D70000EF7B /* OCSPLocalizedMessageTableTests.m in Sources */ = {isa = PBXBuildFile; fileRef = 8CC3770A1D51E5C400863DF2 /* OCSPLocalizedMessageTableTests.m */; };
		8C464DF71D59D4E20000EF7B /* OCSPTestReportReader.m in Sources */ = {isa = PBXBuildFile; fileRef = 8C634EB41D37A1C600E95652 /* OCSPTestReportReader.m */; };
		8C464DF81D59D4E20000EF7B /* OCSPTestReportReaderTests.m in Sources */ = {isa = PBXBuildFile; fileRef = 8CADF8E91D38DA5E00731FF5 /* OCSPTestReportReaderTests.m */; };
		8C464DF91D59D4E60000EF7B /* OCSPTestDataManager.m in Sources */ = {isa = PBXBuildFile; fileRef = 8C634EB91D37BD4400E95652 /* OCSPTestDataManager.m */; };
		8C464E031D59D50C0000EF7B /* OCSPAssertRecorder.m in Sources */ = {isa = PBXBuildFile; fileRef = 8C634EB11D379FAD00E95652 /* OCSPAssertRecorder.m */; };
		8C47474E1D5B8649005BE970 /* OCSlimProjectTestBundleSupport.m in Sources */ = {isa = PBXBuildFile; fileRef = 8C47474D1D5B8649005BE970 /* OCSlimProjectTestBundleSupport.m */; };
		8C47475D1D5B877E005BE970 /* AppDelegate.m in Sources */ = {isa = PBXBuildFile; fileRef = 8C47475C1D5B877E005BE970 /* AppDelegate.m */; };
		8C4747601D5B877E005BE970 /* main.m in Sources */ = {isa = PBXBuildFile; fileRef = 8C47475F1D5B877E005BE970 /* main.m */; };
		8C4747621D5B877E005BE970 /* Assets.xcassets in Resources */ = {isa = PBXBuildFile; fileRef = 8C4747611D5B877E005BE970 /* Assets.xcassets */; };
		8C4747651D5B877E005BE970 /* MainMenu.xib in Resources */ = {isa = PBXBuildFile; fileRef = 8C4747631D5B877E005BE970 /* MainMenu.xib */; };
		8C4747831D5BA68E005BE970 /* Fitnesse-Test-Report.xml in Resources */ = {isa = PBXBuildFile; fileRef = 8C47477A1D5BA68E005BE970 /* Fitnesse-Test-Report.xml */; };
		8C4747841D5BA68E005BE970 /* Fitnesse-Test-Report.xml in Resources */ = {isa = PBXBuildFile; fileRef = 8C47477A1D5BA68E005BE970 /* Fitnesse-Test-Report.xml */; };
		8C4747851D5BA68E005BE970 /* SuiteTestResultErrors.xml in Resources */ = {isa = PBXBuildFile; fileRef = 8C47477B1D5BA68E005BE970 /* SuiteTestResultErrors.xml */; };
		8C4747861D5BA68E005BE970 /* SuiteTestResultErrors.xml in Resources */ = {isa = PBXBuildFile; fileRef = 8C47477B1D5BA68E005BE970 /* SuiteTestResultErrors.xml */; };
		8C4747871D5BA68E005BE970 /* SuiteTestResultFailures-3.xml in Resources */ = {isa = PBXBuildFile; fileRef = 8C47477C1D5BA68E005BE970 /* SuiteTestResultFailures-3.xml */; };
		8C4747881D5BA68E005BE970 /* SuiteTestResultFailures-3.xml in Resources */ = {isa = PBXBuildFile; fileRef = 8C47477C1D5BA68E005BE970 /* SuiteTestResultFailures-3.xml */; };
		8C4747891D5BA68E005BE970 /* SuiteTestResultFailures-Exceptions.xml in Resources */ = {isa = PBXBuildFile; fileRef = 8C47477D1D5BA68E005BE970 /* SuiteTestResultFailures-Exceptions.xml */; };
		8C47478A1D5BA68E005BE970 /* SuiteTestResultFailures-Exceptions.xml in Resources */ = {isa = PBXBuildFile; fileRef = 8C47477D1D5BA68E005BE970 /* SuiteTestResultFailures-Exceptions.xml */; };
		8C47478B1D5BA68E005BE970 /* SuiteTestResultFailures-NotFound.xml in Resources */ = {isa = PBXBuildFile; fileRef = 8C47477E1D5BA68E005BE970 /* SuiteTestResultFailures-NotFound.xml */; };
		8C47478C1D5BA68E005BE970 /* SuiteTestResultFailures-NotFound.xml in Resources */ = {isa = PBXBuildFile; fileRef = 8C47477E1D5BA68E005BE970 /* SuiteTestResultFailures-NotFound.xml */; };
		8C47478D1D5BA68E005BE970 /* SuiteTestResultFailures.xml in Resources */ = {isa = PBXBuildFile; fileRef = 8C47477F1D5BA68E005BE970 /* SuiteTestResultFailures.xml */; };
		8C47478E1D5BA68E005BE970 /* SuiteTestResultFailures.xml in Resources */ = {isa = PBXBuildFile; fileRef = 8C47477F1D5BA68E005BE970 /* SuiteTestResultFailures.xml */; };
		8C47478F1D5BA68E005BE970 /* SuiteTestResultSuccess-3.xml in Resources */ = {isa = PBXBuildFile; fileRef = 8C4747801D5BA68E005BE970 /* SuiteTestResultSuccess-3.xml */; };
		8C4747901D5BA68E005BE970 /* SuiteTestResultSuccess-3.xml in Resources */ = {isa = PBXBuildFile; fileRef = 8C4747801D5BA68E005BE970 /* SuiteTestResultSuccess-3.xml */; };
		8C4747911D5BA68E005BE970 /* SuiteTestResultSuccess-Empty.xml in Resources */ = {isa = PBXBuildFile; fileRef = 8C4747811D5BA68E005BE970 /* SuiteTestResultSuccess-Empty.xml */; };
		8C4747921D5BA68E005BE970 /* SuiteTestResultSuccess-Empty.xml in Resources */ = {isa = PBXBuildFile; fileRef = 8C4747811D5BA68E005BE970 /* SuiteTestResultSuccess-Empty.xml */; };
		8C4747931D5BA68E005BE970 /* SuiteTestResultSuccess.xml in Resources */ = {isa = PBXBuildFile; fileRef = 8C4747821D5BA68E005BE970 /* SuiteTestResultSuccess.xml */; };
		8C4747941D5BA68E005BE970 /* SuiteTestResultSuccess.xml in Resources */ = {isa = PBXBuildFile; fileRef = 8C4747821D5BA68E005BE970 /* SuiteTestResultSuccess.xml */; };
		8C4747991D5C41A2005BE970 /* OCSPTestReportCenter.m in Sources */ = {isa = PBXBuildFile; fileRef = 8C4747971D5C41A2005BE970 /* OCSPTestReportCenter.m */; };
		8C47479A1D5C41A2005BE970 /* OCSPTestReportCenter.m in Sources */ = {isa = PBXBuildFile; fileRef = 8C4747971D5C41A2005BE970 /* OCSPTestReportCenter.m */; };
		8C47479B1D5C41A2005BE970 /* OCSPTestReportCenterTests.m in Sources */ = {isa = PBXBuildFile; fileRef = 8C4747981D5C41A2005BE970 /* OCSPTestReportCenterTests.m */; };
		8C47479C1D5C41A2005BE970 /* OCSPTestReportCenterTests.m in Sources */ = {isa = PBXBuildFile; fileRef = 8C4747981D5C41A2005BE970 /* OCSPTestReportCenterTests.m */; };
		8C47479F1D5C41BC005BE970 /* OCSPTestCaseReport.m in Sources */ = {isa = PBXBuildFile; fileRef = 8C47479D1D5C41BC005BE970 /* OCSPTestCaseReport.m */; };
		8C4747A01D5C41BC005BE970 /* OCSPTestCaseReport.m in Sources */ = {isa = PBXBuildFile; fileRef = 8C47479D1D5C41BC005BE970 /* OCSPTestCaseReport.m */; };
		8C4747A81D5C426E005BE970 /* Localizable.strings in Resources */ = {isa = PBXBuildFile; fileRef = 8C4747A61D5C426E005BE970 /* Localizable.strings */; };
		8C4747A91D5C426E005BE970 /* Localizable.strings in Resources */ = {isa = PBXBuildFile; fileRef = 8C4747A61D5C426E005BE970 /* Localizable.strings */; };
		8C6C2E5D2440987E002DE587 /* Default-568h@2x.png in Resources */ = {isa = PBXBuildFile; fileRef = 8C6C2E5C2440987E002DE587 /* Default-568h@2x.png */; };
		8C951CB91D5B3883000B694A /* OCSPTestSuiteTestable.m in Sources */ = {isa = PBXBuildFile; fileRef = 8C951CB81D5B3883000B694A /* OCSPTestSuiteTestable.m */; };
		8C951CBA1D5B3883000B694A /* OCSPTestSuiteTestable.m in Sources */ = {isa = PBXBuildFile; fileRef = 8C951CB81D5B3883000B694A /* OCSPTestSuiteTestable.m */; };
/* End PBXBuildFile section */

/* Begin PBXContainerItemProxy section */
		8C41870B1D7DBD3F006FDB55 /* PBXContainerItemProxy */ = {
			isa = PBXContainerItemProxy;
			containerPortal = 607FACC81AFB9204008FA782 /* Project object */;
			proxyType = 1;
			remoteGlobalIDString = 8C4186E71D7DAD42006FDB55;
			remoteInfo = OCSlimProject_AcceptanceTests;
		};
		8C41870D1D7DBD4A006FDB55 /* PBXContainerItemProxy */ = {
			isa = PBXContainerItemProxy;
			containerPortal = 607FACC81AFB9204008FA782 /* Project object */;
			proxyType = 1;
			remoteGlobalIDString = 8C4186FA1D7DADC4006FDB55;
			remoteInfo = OCSlimProject_AcceptanceTestsMac;
		};
		8CCAA2F81D7ED16B004F7AB8 /* PBXContainerItemProxy */ = {
			isa = PBXContainerItemProxy;
			containerPortal = 607FACC81AFB9204008FA782 /* Project object */;
			proxyType = 1;
			remoteGlobalIDString = 607FACCF1AFB9204008FA782;
			remoteInfo = OCSlimProject_Example;
		};
		8CCAA2FA1D7ED170004F7AB8 /* PBXContainerItemProxy */ = {
			isa = PBXContainerItemProxy;
			containerPortal = 607FACC81AFB9204008FA782 /* Project object */;
			proxyType = 1;
			remoteGlobalIDString = 8C4747581D5B877E005BE970;
			remoteInfo = OCSlimProject_ExampleMac;
		};
/* End PBXContainerItemProxy section */

/* Begin PBXFileReference section */
		492AC4917F3A0C8C878E021F /* README.md */ = {isa = PBXFileReference; includeInIndex = 1; lastKnownFileType = net.daringfireball.markdown; name = README.md; path = ../README.md; sourceTree = "<group>"; };
		607FACD01AFB9204008FA782 /* OCSlimProject_Example.app */ = {isa = PBXFileReference; explicitFileType = wrapper.application; includeInIndex = 0; path = OCSlimProject_Example.app; sourceTree = BUILT_PRODUCTS_DIR; };
		607FACD41AFB9204008FA782 /* Info.plist */ = {isa = PBXFileReference; lastKnownFileType = text.plist.xml; path = Info.plist; sourceTree = "<group>"; };
		607FACD51AFB9204008FA782 /* AppDelegate.swift */ = {isa = PBXFileReference; lastKnownFileType = sourcecode.swift; path = AppDelegate.swift; sourceTree = "<group>"; };
		607FACD71AFB9204008FA782 /* ViewController.swift */ = {isa = PBXFileReference; lastKnownFileType = sourcecode.swift; path = ViewController.swift; sourceTree = "<group>"; };
		607FACDA1AFB9204008FA782 /* Base */ = {isa = PBXFileReference; lastKnownFileType = file.storyboard; name = Base; path = Base.lproj/Main.storyboard; sourceTree = "<group>"; };
		607FACDC1AFB9204008FA782 /* Images.xcassets */ = {isa = PBXFileReference; lastKnownFileType = folder.assetcatalog; path = Images.xcassets; sourceTree = "<group>"; };
		607FACDF1AFB9204008FA782 /* Base */ = {isa = PBXFileReference; lastKnownFileType = file.xib; name = Base; path = Base.lproj/LaunchScreen.xib; sourceTree = "<group>"; };
		8C094C521D8042FC00FD0EE3 /* OCSlimProject_ExampleTests.m */ = {isa = PBXFileReference; lastKnownFileType = sourcecode.c.objc; path = OCSlimProject_ExampleTests.m; sourceTree = "<group>"; };
		8C094C541D8042FC00FD0EE3 /* Info.plist */ = {isa = PBXFileReference; lastKnownFileType = text.plist.xml; path = Info.plist; sourceTree = "<group>"; };
		8C2EB3FA1D369246000C22FA /* OCSPTestSuite.h */ = {isa = PBXFileReference; fileEncoding = 4; lastKnownFileType = sourcecode.c.h; name = OCSPTestSuite.h; path = ../../Pod/TestClasses/OCSPTestSuite.h; sourceTree = "<group>"; };
		8C2EB3FB1D369246000C22FA /* OCSPTestSuite.m */ = {isa = PBXFileReference; fileEncoding = 4; lastKnownFileType = sourcecode.c.objc; name = OCSPTestSuite.m; path = ../../Pod/TestClasses/OCSPTestSuite.m; sourceTree = "<group>"; };
		8C2EB3FC1D369246000C22FA /* OCSPTestSuiteTests.m */ = {isa = PBXFileReference; fileEncoding = 4; lastKnownFileType = sourcecode.c.objc; name = OCSPTestSuiteTests.m; path = ../../Pod/TestClasses/OCSPTestSuiteTests.m; sourceTree = "<group>"; };
		8C4186E81D7DAD42006FDB55 /* OCSlimProject_AcceptanceTests.app */ = {isa = PBXFileReference; explicitFileType = wrapper.application; includeInIndex = 0; path = OCSlimProject_AcceptanceTests.app; sourceTree = BUILT_PRODUCTS_DIR; };
		8C4186EB1D7DAD42006FDB55 /* OCSlimProject_AcceptanceTests.m */ = {isa = PBXFileReference; lastKnownFileType = sourcecode.c.objc; path = OCSlimProject_AcceptanceTests.m; sourceTree = "<group>"; };
		8C4186EE1D7DAD42006FDB55 /* FixtureExample.swift */ = {isa = PBXFileReference; lastKnownFileType = sourcecode.swift; path = FixtureExample.swift; sourceTree = "<group>"; };
		8C4186F01D7DAD42006FDB55 /* SlimTables.h */ = {isa = PBXFileReference; lastKnownFileType = sourcecode.c.h; path = SlimTables.h; sourceTree = "<group>"; };
		8C4186F11D7DAD42006FDB55 /* OCSlimProject_AcceptanceTests-Bridging-Header.h */ = {isa = PBXFileReference; lastKnownFileType = sourcecode.c.h; path = "OCSlimProject_AcceptanceTests-Bridging-Header.h"; sourceTree = "<group>"; };
		8C4186F21D7DAD42006FDB55 /* Info.plist */ = {isa = PBXFileReference; lastKnownFileType = text.plist.xml; path = Info.plist; sourceTree = "<group>"; };
		8C4186FB1D7DADC4006FDB55 /* OCSlimProject_AcceptanceTestsMac.app */ = {isa = PBXFileReference; explicitFileType = wrapper.application; includeInIndex = 0; path = OCSlimProject_AcceptanceTestsMac.app; sourceTree = BUILT_PRODUCTS_DIR; };
		8C4186FE1D7DADC5006FDB55 /* OCSlimProject_AcceptanceTestsMac.m */ = {isa = PBXFileReference; lastKnownFileType = sourcecode.c.objc; path = OCSlimProject_AcceptanceTestsMac.m; sourceTree = "<group>"; };
		8C4187011D7DADC5006FDB55 /* FixtureExample.swift */ = {isa = PBXFileReference; lastKnownFileType = sourcecode.swift; path = FixtureExample.swift; sourceTree = "<group>"; };
		8C4187031D7DADC5006FDB55 /* SlimTables.h */ = {isa = PBXFileReference; lastKnownFileType = sourcecode.c.h; path = SlimTables.h; sourceTree = "<group>"; };
		8C4187041D7DADC5006FDB55 /* OCSlimProject_AcceptanceTestsMac-Bridging-Header.h */ = {isa = PBXFileReference; lastKnownFileType = sourcecode.c.h; path = "OCSlimProject_AcceptanceTestsMac-Bridging-Header.h"; sourceTree = "<group>"; };
		8C4187051D7DADC5006FDB55 /* Empty.xib */ = {isa = PBXFileReference; lastKnownFileType = file.xib; path = Empty.xib; sourceTree = "<group>"; };
		8C4187071D7DADC5006FDB55 /* Info.plist */ = {isa = PBXFileReference; lastKnownFileType = text.plist.xml; path = Info.plist; sourceTree = "<group>"; };
		8C464D3E1D58D3290000EF7B /* OCSPPrincipalTestObserver.h */ = {isa = PBXFileReference; fileEncoding = 4; lastKnownFileType = sourcecode.c.h; name = OCSPPrincipalTestObserver.h; path = ../../Pod/TestClasses/OCSPPrincipalTestObserver.h; sourceTree = "<group>"; };
		8C464D3F1D58D3290000EF7B /* OCSPPrincipalTestObserver.m */ = {isa = PBXFileReference; fileEncoding = 4; lastKnownFileType = sourcecode.c.objc; name = OCSPPrincipalTestObserver.m; path = ../../Pod/TestClasses/OCSPPrincipalTestObserver.m; sourceTree = "<group>"; };
		8C464D401D58D3290000EF7B /* OCSPPrincipalTestObserverTests.m */ = {isa = PBXFileReference; fileEncoding = 4; lastKnownFileType = sourcecode.c.objc; name = OCSPPrincipalTestObserverTests.m; path = ../../Pod/TestClasses/OCSPPrincipalTestObserverTests.m; sourceTree = "<group>"; };
		8C464D841D59B9500000EF7B /* OCSlimProjectTestBundleSupportTests.xctest */ = {isa = PBXFileReference; explicitFileType = wrapper.cfbundle; includeInIndex = 0; path = OCSlimProjectTestBundleSupportTests.xctest; sourceTree = BUILT_PRODUCTS_DIR; };
		8C464DB31D59BD1F0000EF7B /* OCSlimProject_AcceptanceUnitTestBundle.xctest */ = {isa = PBXFileReference; explicitFileType = wrapper.cfbundle; includeInIndex = 0; path = OCSlimProject_AcceptanceUnitTestBundle.xctest; sourceTree = BUILT_PRODUCTS_DIR; };
		8C464DB71D59BD1F0000EF7B /* OCSlimProjectTestBundleSupport.m */ = {isa = PBXFileReference; lastKnownFileType = sourcecode.c.objc; path = OCSlimProjectTestBundleSupport.m; sourceTree = "<group>"; };
		8C464DB91D59BD1F0000EF7B /* Info.plist */ = {isa = PBXFileReference; lastKnownFileType = text.plist.xml; path = Info.plist; sourceTree = "<group>"; };
		8C464DE51D59D4230000EF7B /* OCSlimProjectTestBundleSupportTestsMac.xctest */ = {isa = PBXFileReference; explicitFileType = wrapper.cfbundle; includeInIndex = 0; path = OCSlimProjectTestBundleSupportTestsMac.xctest; sourceTree = BUILT_PRODUCTS_DIR; };
		8C4747491D5B8649005BE970 /* OCSlimProject_AcceptanceUnitTestBundleMac.xctest */ = {isa = PBXFileReference; explicitFileType = wrapper.cfbundle; includeInIndex = 0; path = OCSlimProject_AcceptanceUnitTestBundleMac.xctest; sourceTree = BUILT_PRODUCTS_DIR; };
		8C47474D1D5B8649005BE970 /* OCSlimProjectTestBundleSupport.m */ = {isa = PBXFileReference; lastKnownFileType = sourcecode.c.objc; path = OCSlimProjectTestBundleSupport.m; sourceTree = "<group>"; };
		8C47474F1D5B8649005BE970 /* Info.plist */ = {isa = PBXFileReference; lastKnownFileType = text.plist.xml; path = Info.plist; sourceTree = "<group>"; };
		8C4747591D5B877E005BE970 /* OCSlimProject_ExampleMac.app */ = {isa = PBXFileReference; explicitFileType = wrapper.application; includeInIndex = 0; path = OCSlimProject_ExampleMac.app; sourceTree = BUILT_PRODUCTS_DIR; };
		8C47475B1D5B877E005BE970 /* AppDelegate.h */ = {isa = PBXFileReference; lastKnownFileType = sourcecode.c.h; path = AppDelegate.h; sourceTree = "<group>"; };
		8C47475C1D5B877E005BE970 /* AppDelegate.m */ = {isa = PBXFileReference; lastKnownFileType = sourcecode.c.objc; path = AppDelegate.m; sourceTree = "<group>"; };
		8C47475F1D5B877E005BE970 /* main.m */ = {isa = PBXFileReference; lastKnownFileType = sourcecode.c.objc; path = main.m; sourceTree = "<group>"; };
		8C4747611D5B877E005BE970 /* Assets.xcassets */ = {isa = PBXFileReference; lastKnownFileType = folder.assetcatalog; path = Assets.xcassets; sourceTree = "<group>"; };
		8C4747641D5B877E005BE970 /* Base */ = {isa = PBXFileReference; lastKnownFileType = file.xib; name = Base; path = Base.lproj/MainMenu.xib; sourceTree = "<group>"; };
		8C4747661D5B877E005BE970 /* Info.plist */ = {isa = PBXFileReference; lastKnownFileType = text.plist.xml; path = Info.plist; sourceTree = "<group>"; };
		8C4747791D5BA63B005BE970 /* Info.plist */ = {isa = PBXFileReference; lastKnownFileType = text.plist.xml; path = Info.plist; sourceTree = "<group>"; };
		8C47477A1D5BA68E005BE970 /* Fitnesse-Test-Report.xml */ = {isa = PBXFileReference; fileEncoding = 4; lastKnownFileType = text.xml; path = "Fitnesse-Test-Report.xml"; sourceTree = "<group>"; };
		8C47477B1D5BA68E005BE970 /* SuiteTestResultErrors.xml */ = {isa = PBXFileReference; fileEncoding = 4; lastKnownFileType = text.xml; path = SuiteTestResultErrors.xml; sourceTree = "<group>"; };
		8C47477C1D5BA68E005BE970 /* SuiteTestResultFailures-3.xml */ = {isa = PBXFileReference; fileEncoding = 4; lastKnownFileType = text.xml; path = "SuiteTestResultFailures-3.xml"; sourceTree = "<group>"; };
		8C47477D1D5BA68E005BE970 /* SuiteTestResultFailures-Exceptions.xml */ = {isa = PBXFileReference; fileEncoding = 4; lastKnownFileType = text.xml; path = "SuiteTestResultFailures-Exceptions.xml"; sourceTree = "<group>"; };
		8C47477E1D5BA68E005BE970 /* SuiteTestResultFailures-NotFound.xml */ = {isa = PBXFileReference; fileEncoding = 4; lastKnownFileType = text.xml; path = "SuiteTestResultFailures-NotFound.xml"; sourceTree = "<group>"; };
		8C47477F1D5BA68E005BE970 /* SuiteTestResultFailures.xml */ = {isa = PBXFileReference; fileEncoding = 4; lastKnownFileType = text.xml; path = SuiteTestResultFailures.xml; sourceTree = "<group>"; };
		8C4747801D5BA68E005BE970 /* SuiteTestResultSuccess-3.xml */ = {isa = PBXFileReference; fileEncoding = 4; lastKnownFileType = text.xml; path = "SuiteTestResultSuccess-3.xml"; sourceTree = "<group>"; };
		8C4747811D5BA68E005BE970 /* SuiteTestResultSuccess-Empty.xml */ = {isa = PBXFileReference; fileEncoding = 4; lastKnownFileType = text.xml; path = "SuiteTestResultSuccess-Empty.xml"; sourceTree = "<group>"; };
		8C4747821D5BA68E005BE970 /* SuiteTestResultSuccess.xml */ = {isa = PBXFileReference; fileEncoding = 4; lastKnownFileType = text.xml; path = SuiteTestResultSuccess.xml; sourceTree = "<group>"; };
		8C4747961D5C41A2005BE970 /* OCSPTestReportCenter.h */ = {isa = PBXFileReference; fileEncoding = 4; lastKnownFileType = sourcecode.c.h; path = OCSPTestReportCenter.h; sourceTree = "<group>"; };
		8C4747971D5C41A2005BE970 /* OCSPTestReportCenter.m */ = {isa = PBXFileReference; fileEncoding = 4; lastKnownFileType = sourcecode.c.objc; path = OCSPTestReportCenter.m; sourceTree = "<group>"; };
		8C4747981D5C41A2005BE970 /* OCSPTestReportCenterTests.m */ = {isa = PBXFileReference; fileEncoding = 4; lastKnownFileType = sourcecode.c.objc; path = OCSPTestReportCenterTests.m; sourceTree = "<group>"; };
		8C47479D1D5C41BC005BE970 /* OCSPTestCaseReport.m */ = {isa = PBXFileReference; fileEncoding = 4; lastKnownFileType = sourcecode.c.objc; path = OCSPTestCaseReport.m; sourceTree = "<group>"; };
		8C4747A11D5C41CC005BE970 /* OCSPTestCaseReport.h */ = {isa = PBXFileReference; fileEncoding = 4; lastKnownFileType = sourcecode.c.h; path = OCSPTestCaseReport.h; sourceTree = "<group>"; };
		8C4747A71D5C426E005BE970 /* en */ = {isa = PBXFileReference; lastKnownFileType = text.plist.strings; name = en; path = ../Resources/en.lproj/Localizable.strings; sourceTree = "<group>"; };
		8C634EB01D379FAD00E95652 /* OCSPAssertRecorder.h */ = {isa = PBXFileReference; lastKnownFileType = sourcecode.c.h; name = OCSPAssertRecorder.h; path = ../../Pod/TestClasses/OCSPAssertRecorder.h; sourceTree = "<group>"; };
		8C634EB11D379FAD00E95652 /* OCSPAssertRecorder.m */ = {isa = PBXFileReference; lastKnownFileType = sourcecode.c.objc; name = OCSPAssertRecorder.m; path = ../../Pod/TestClasses/OCSPAssertRecorder.m; sourceTree = "<group>"; };
		8C634EB31D37A1C600E95652 /* OCSPTestReportReader.h */ = {isa = PBXFileReference; fileEncoding = 4; lastKnownFileType = sourcecode.c.h; name = OCSPTestReportReader.h; path = ../../Pod/TestClasses/OCSPTestReportReader.h; sourceTree = "<group>"; };
		8C634EB41D37A1C600E95652 /* OCSPTestReportReader.m */ = {isa = PBXFileReference; fileEncoding = 4; lastKnownFileType = sourcecode.c.objc; name = OCSPTestReportReader.m; path = ../../Pod/TestClasses/OCSPTestReportReader.m; sourceTree = "<group>"; };
		8C634EB81D37BD4400E95652 /* OCSPTestDataManager.h */ = {isa = PBXFileReference; fileEncoding = 4; lastKnownFileType = sourcecode.c.h; name = OCSPTestDataManager.h; path = ../../Pod/TestClasses/OCSPTestDataManager.h; sourceTree = "<group>"; };
		8C634EB91D37BD4400E95652 /* OCSPTestDataManager.m */ = {isa = PBXFileReference; fileEncoding = 4; lastKnownFileType = sourcecode.c.objc; name = OCSPTestDataManager.m; path = ../../Pod/TestClasses/OCSPTestDataManager.m; sourceTree = "<group>"; };
		8C634EBB1D37BF5500E95652 /* OCSPJUnitXMLParser.h */ = {isa = PBXFileReference; fileEncoding = 4; lastKnownFileType = sourcecode.c.h; name = OCSPJUnitXMLParser.h; path = ../../Pod/TestClasses/OCSPJUnitXMLParser.h; sourceTree = "<group>"; };
		8C634EBC1D37BF5500E95652 /* OCSPJUnitXMLParser.m */ = {isa = PBXFileReference; fileEncoding = 4; lastKnownFileType = sourcecode.c.objc; name = OCSPJUnitXMLParser.m; path = ../../Pod/TestClasses/OCSPJUnitXMLParser.m; sourceTree = "<group>"; };
		8C6C2E5C2440987E002DE587 /* Default-568h@2x.png */ = {isa = PBXFileReference; lastKnownFileType = image.png; path = "Default-568h@2x.png"; sourceTree = "<group>"; };
		8C951CB71D5B3883000B694A /* OCSPTestSuiteTestable.h */ = {isa = PBXFileReference; fileEncoding = 4; lastKnownFileType = sourcecode.c.h; name = OCSPTestSuiteTestable.h; path = ../../Pod/TestClasses/OCSPTestSuiteTestable.h; sourceTree = "<group>"; };
		8C951CB81D5B3883000B694A /* OCSPTestSuiteTestable.m */ = {isa = PBXFileReference; fileEncoding = 4; lastKnownFileType = sourcecode.c.objc; name = OCSPTestSuiteTestable.m; path = ../../Pod/TestClasses/OCSPTestSuiteTestable.m; sourceTree = "<group>"; };
		8CADF8E71D38DA4A00731FF5 /* OCSPJUnitXMLParserTests.m */ = {isa = PBXFileReference; fileEncoding = 4; lastKnownFileType = sourcecode.c.objc; name = OCSPJUnitXMLParserTests.m; path = ../../Pod/TestClasses/OCSPJUnitXMLParserTests.m; sourceTree = "<group>"; };
		8CADF8E91D38DA5E00731FF5 /* OCSPTestReportReaderTests.m */ = {isa = PBXFileReference; fileEncoding = 4; lastKnownFileType = sourcecode.c.objc; name = OCSPTestReportReaderTests.m; path = ../../Pod/TestClasses/OCSPTestReportReaderTests.m; sourceTree = "<group>"; };
		8CC377061D51E58200863DF2 /* OCSPLocalizedMessageTable.h */ = {isa = PBXFileReference; fileEncoding = 4; lastKnownFileType = sourcecode.c.h; name = OCSPLocalizedMessageTable.h; path = ../../Pod/TestClasses/OCSPLocalizedMessageTable.h; sourceTree = "<group>"; };
		8CC377071D51E58200863DF2 /* OCSPLocalizedMessageTable.m */ = {isa = PBXFileReference; fileEncoding = 4; lastKnownFileType = sourcecode.c.objc; name = OCSPLocalizedMessageTable.m; path = ../../Pod/TestClasses/OCSPLocalizedMessageTable.m; sourceTree = "<group>"; };
		8CC3770A1D51E5C400863DF2 /* OCSPLocalizedMessageTableTests.m */ = {isa = PBXFileReference; fileEncoding = 4; lastKnownFileType = sourcecode.c.objc; name = OCSPLocalizedMessageTableTests.m; path = ../../Pod/TestClasses/OCSPLocalizedMessageTableTests.m; sourceTree = "<group>"; };
		8CEDB5D71C1369E0009E0997 /* OCSlimProject.podspec */ = {isa = PBXFileReference; lastKnownFileType = text; name = OCSlimProject.podspec; path = ../OCSlimProject.podspec; sourceTree = "<group>"; };
		C64212E34011403DA3EA430E /* LICENSE */ = {isa = PBXFileReference; includeInIndex = 1; lastKnownFileType = text; name = LICENSE; path = ../LICENSE; sourceTree = "<group>"; };
/* End PBXFileReference section */

/* Begin PBXFrameworksBuildPhase section */
		607FACCD1AFB9204008FA782 /* Frameworks */ = {
			isa = PBXFrameworksBuildPhase;
			buildActionMask = 2147483647;
			files = (
			);
			runOnlyForDeploymentPostprocessing = 0;
		};
		8C4186E41D7DAD42006FDB55 /* Frameworks */ = {
			isa = PBXFrameworksBuildPhase;
			buildActionMask = 2147483647;
			files = (
			);
			runOnlyForDeploymentPostprocessing = 0;
		};
		8C4186F71D7DADC4006FDB55 /* Frameworks */ = {
			isa = PBXFrameworksBuildPhase;
			buildActionMask = 2147483647;
			files = (
			);
			runOnlyForDeploymentPostprocessing = 0;
		};
		8C464D811D59B9500000EF7B /* Frameworks */ = {
			isa = PBXFrameworksBuildPhase;
			buildActionMask = 2147483647;
			files = (
			);
			runOnlyForDeploymentPostprocessing = 0;
		};
		8C464DAF1D59BD1F0000EF7B /* Frameworks */ = {
			isa = PBXFrameworksBuildPhase;
			buildActionMask = 2147483647;
			files = (
			);
			runOnlyForDeploymentPostprocessing = 0;
		};
		8C464DE21D59D4230000EF7B /* Frameworks */ = {
			isa = PBXFrameworksBuildPhase;
			buildActionMask = 2147483647;
			files = (
			);
			runOnlyForDeploymentPostprocessing = 0;
		};
		8C4747451D5B8649005BE970 /* Frameworks */ = {
			isa = PBXFrameworksBuildPhase;
			buildActionMask = 2147483647;
			files = (
			);
			runOnlyForDeploymentPostprocessing = 0;
		};
		8C4747561D5B877E005BE970 /* Frameworks */ = {
			isa = PBXFrameworksBuildPhase;
			buildActionMask = 2147483647;
			files = (
			);
			runOnlyForDeploymentPostprocessing = 0;
		};
/* End PBXFrameworksBuildPhase section */

/* Begin PBXGroup section */
		607FACC71AFB9204008FA782 = {
			isa = PBXGroup;
			children = (
				8C6C2E5C2440987E002DE587 /* Default-568h@2x.png */,
				607FACF51AFB993E008FA782 /* Podspec Metadata */,
				8C47472D1D5B73DB005BE970 /* Example Test System for iOS */,
				8C47472F1D5B752A005BE970 /* Example Test System for OSX (Faster, Recommended) */,
				8C47472E1D5B7433005BE970 /* OCSlimProjectTestBundleSupport - Pod */,
				8C094C511D8042FC00FD0EE3 /* OCSlimProject_ExampleTests */,
				607FACD11AFB9204008FA782 /* Products */,
			);
			sourceTree = "<group>";
		};
		607FACD11AFB9204008FA782 /* Products */ = {
			isa = PBXGroup;
			children = (
				607FACD01AFB9204008FA782 /* OCSlimProject_Example.app */,
				8C464D841D59B9500000EF7B /* OCSlimProjectTestBundleSupportTests.xctest */,
				8C464DB31D59BD1F0000EF7B /* OCSlimProject_AcceptanceUnitTestBundle.xctest */,
				8C464DE51D59D4230000EF7B /* OCSlimProjectTestBundleSupportTestsMac.xctest */,
				8C4747491D5B8649005BE970 /* OCSlimProject_AcceptanceUnitTestBundleMac.xctest */,
				8C4747591D5B877E005BE970 /* OCSlimProject_ExampleMac.app */,
				8C4186E81D7DAD42006FDB55 /* OCSlimProject_AcceptanceTests.app */,
				8C4186FB1D7DADC4006FDB55 /* OCSlimProject_AcceptanceTestsMac.app */,
			);
			name = Products;
			sourceTree = "<group>";
		};
		607FACD21AFB9204008FA782 /* Example App (OCSlimProject_Example) */ = {
			isa = PBXGroup;
			children = (
				607FACD51AFB9204008FA782 /* AppDelegate.swift */,
				607FACD71AFB9204008FA782 /* ViewController.swift */,
				607FACD91AFB9204008FA782 /* Main.storyboard */,
				607FACDC1AFB9204008FA782 /* Images.xcassets */,
				607FACDE1AFB9204008FA782 /* LaunchScreen.xib */,
				607FACD31AFB9204008FA782 /* Supporting Files */,
			);
			name = "Example App (OCSlimProject_Example)";
			path = OCSlimProject;
			sourceTree = "<group>";
		};
		607FACD31AFB9204008FA782 /* Supporting Files */ = {
			isa = PBXGroup;
			children = (
				607FACD41AFB9204008FA782 /* Info.plist */,
			);
			name = "Supporting Files";
			sourceTree = "<group>";
		};
		607FACF51AFB993E008FA782 /* Podspec Metadata */ = {
			isa = PBXGroup;
			children = (
				8CEDB5D71C1369E0009E0997 /* OCSlimProject.podspec */,
				492AC4917F3A0C8C878E021F /* README.md */,
				C64212E34011403DA3EA430E /* LICENSE */,
			);
			name = "Podspec Metadata";
			sourceTree = "<group>";
		};
		8C094C511D8042FC00FD0EE3 /* OCSlimProject_ExampleTests */ = {
			isa = PBXGroup;
			children = (
				8C094C521D8042FC00FD0EE3 /* OCSlimProject_ExampleTests.m */,
				8C094C541D8042FC00FD0EE3 /* Info.plist */,
			);
			path = OCSlimProject_ExampleTests;
			sourceTree = "<group>";
		};
		8C4186E91D7DAD42006FDB55 /* Acceptance Tests (OCSlimProject_AcceptanceTests) */ = {
			isa = PBXGroup;
			children = (
				8C4186F21D7DAD42006FDB55 /* Info.plist */,
				8C4186ED1D7DAD42006FDB55 /* Fixtures */,
				8C4186EA1D7DAD42006FDB55 /* Supporting Files */,
			);
			name = "Acceptance Tests (OCSlimProject_AcceptanceTests)";
			path = OCSlimProject_AcceptanceTests;
			sourceTree = "<group>";
		};
		8C4186EA1D7DAD42006FDB55 /* Supporting Files */ = {
			isa = PBXGroup;
			children = (
				8C4186EB1D7DAD42006FDB55 /* OCSlimProject_AcceptanceTests.m */,
				8C4186F01D7DAD42006FDB55 /* SlimTables.h */,
				8C4186F11D7DAD42006FDB55 /* OCSlimProject_AcceptanceTests-Bridging-Header.h */,
			);
			name = "Supporting Files";
			sourceTree = "<group>";
		};
		8C4186ED1D7DAD42006FDB55 /* Fixtures */ = {
			isa = PBXGroup;
			children = (
				8C4186EE1D7DAD42006FDB55 /* FixtureExample.swift */,
			);
			name = Fixtures;
			sourceTree = "<group>";
		};
		8C4186FC1D7DADC5006FDB55 /* Acceptance Tests (OCSlimProject_AcceptanceTestsMac) */ = {
			isa = PBXGroup;
			children = (
				8C4187071D7DADC5006FDB55 /* Info.plist */,
				8C4187001D7DADC5006FDB55 /* Fixtures */,
				8C4186FD1D7DADC5006FDB55 /* Supporting Files */,
			);
			name = "Acceptance Tests (OCSlimProject_AcceptanceTestsMac)";
			path = OCSlimProject_AcceptanceTestsMac;
			sourceTree = "<group>";
		};
		8C4186FD1D7DADC5006FDB55 /* Supporting Files */ = {
			isa = PBXGroup;
			children = (
				8C4186FE1D7DADC5006FDB55 /* OCSlimProject_AcceptanceTestsMac.m */,
				8C4187031D7DADC5006FDB55 /* SlimTables.h */,
				8C4187041D7DADC5006FDB55 /* OCSlimProject_AcceptanceTestsMac-Bridging-Header.h */,
				8C4187051D7DADC5006FDB55 /* Empty.xib */,
			);
			name = "Supporting Files";
			sourceTree = "<group>";
		};
		8C4187001D7DADC5006FDB55 /* Fixtures */ = {
			isa = PBXGroup;
			children = (
				8C4187011D7DADC5006FDB55 /* FixtureExample.swift */,
			);
			name = Fixtures;
			sourceTree = "<group>";
		};
		8C464DAD1D59BC210000EF7B /* Assert Recorder */ = {
			isa = PBXGroup;
			children = (
				8C634EB01D379FAD00E95652 /* OCSPAssertRecorder.h */,
				8C634EB11D379FAD00E95652 /* OCSPAssertRecorder.m */,
			);
			name = "Assert Recorder";
			sourceTree = "<group>";
		};
		8C464DB41D59BD1F0000EF7B /* Acceptance Unit Tests (OCSlimProject_AcceptanceUnitTestBundle) */ = {
			isa = PBXGroup;
			children = (
				8C464DB71D59BD1F0000EF7B /* OCSlimProjectTestBundleSupport.m */,
				8C464DB91D59BD1F0000EF7B /* Info.plist */,
			);
			name = "Acceptance Unit Tests (OCSlimProject_AcceptanceUnitTestBundle)";
			path = OCSlimProject_AcceptanceUnitTestBundle;
			sourceTree = "<group>";
		};
		8C464DE61D59D4230000EF7B /* Support Files */ = {
			isa = PBXGroup;
			children = (
				8C4747791D5BA63B005BE970 /* Info.plist */,
			);
			name = "Support Files";
			path = "OCSlimProjectTestBundleSupportTests-Resources";
			sourceTree = SOURCE_ROOT;
		};
		8C4747261D5B54FC005BE970 /* Test Report Center */ = {
			isa = PBXGroup;
			children = (
				8C47472B1D5B5541005BE970 /* Test Case Report Center */,
				8C47472C1D5B554B005BE970 /* Test Case Report */,
			);
			name = "Test Report Center";
			sourceTree = "<group>";
		};
		8C47472B1D5B5541005BE970 /* Test Case Report Center */ = {
			isa = PBXGroup;
			children = (
				8C4747961D5C41A2005BE970 /* OCSPTestReportCenter.h */,
				8C4747971D5C41A2005BE970 /* OCSPTestReportCenter.m */,
				8C4747981D5C41A2005BE970 /* OCSPTestReportCenterTests.m */,
			);
			name = "Test Case Report Center";
			sourceTree = "<group>";
		};
		8C47472C1D5B554B005BE970 /* Test Case Report */ = {
			isa = PBXGroup;
			children = (
				8C4747A11D5C41CC005BE970 /* OCSPTestCaseReport.h */,
				8C47479D1D5C41BC005BE970 /* OCSPTestCaseReport.m */,
			);
			name = "Test Case Report";
			sourceTree = "<group>";
		};
		8C47472D1D5B73DB005BE970 /* Example Test System for iOS */ = {
			isa = PBXGroup;
			children = (
				607FACD21AFB9204008FA782 /* Example App (OCSlimProject_Example) */,
				8C4186E91D7DAD42006FDB55 /* Acceptance Tests (OCSlimProject_AcceptanceTests) */,
				8C464DB41D59BD1F0000EF7B /* Acceptance Unit Tests (OCSlimProject_AcceptanceUnitTestBundle) */,
			);
			name = "Example Test System for iOS";
			sourceTree = "<group>";
		};
		8C47472E1D5B7433005BE970 /* OCSlimProjectTestBundleSupport - Pod */ = {
			isa = PBXGroup;
			children = (
				8CAB865E1D1C074600773B43 /* Test Suite */,
				8C4747261D5B54FC005BE970 /* Test Report Center */,
				8C464DAD1D59BC210000EF7B /* Assert Recorder */,
				8CF88A6B1D1ACDC6001C6C5E /* JUnit XML Parser */,
				8CC377091D51E58600863DF2 /* Localized Message Table */,
				8CF88A661D1ACD4D001C6C5E /* Fitnesse Test Report Data */,
				8CF88A6A1D1ACDB2001C6C5E /* Principal Test Observer */,
				8C464DE61D59D4230000EF7B /* Support Files */,
			);
			name = "OCSlimProjectTestBundleSupport - Pod";
			path = ../Pod/TestClasses;
			sourceTree = "<group>";
		};
		8C47472F1D5B752A005BE970 /* Example Test System for OSX (Faster, Recommended) */ = {
			isa = PBXGroup;
			children = (
				8C47475A1D5B877E005BE970 /* Example App (Your OS X App) */,
				8C4186FC1D7DADC5006FDB55 /* Acceptance Tests (OCSlimProject_AcceptanceTestsMac) */,
				8C47474A1D5B8649005BE970 /* Acceptance Unit Tests (OCSlimProject_AcceptanceUnitTestBundleMac) */,
			);
			name = "Example Test System for OSX (Faster, Recommended)";
			sourceTree = "<group>";
		};
		8C4747301D5B7651005BE970 /* Files */ = {
			isa = PBXGroup;
			children = (
				8C47477A1D5BA68E005BE970 /* Fitnesse-Test-Report.xml */,
				8C47477B1D5BA68E005BE970 /* SuiteTestResultErrors.xml */,
				8C47477C1D5BA68E005BE970 /* SuiteTestResultFailures-3.xml */,
				8C47477D1D5BA68E005BE970 /* SuiteTestResultFailures-Exceptions.xml */,
				8C47477E1D5BA68E005BE970 /* SuiteTestResultFailures-NotFound.xml */,
				8C47477F1D5BA68E005BE970 /* SuiteTestResultFailures.xml */,
				8C4747801D5BA68E005BE970 /* SuiteTestResultSuccess-3.xml */,
				8C4747811D5BA68E005BE970 /* SuiteTestResultSuccess-Empty.xml */,
				8C4747821D5BA68E005BE970 /* SuiteTestResultSuccess.xml */,
			);
			name = Files;
			path = "OCSlimProjectTestBundleSupportTests-Resources";
			sourceTree = SOURCE_ROOT;
		};
		8C47474A1D5B8649005BE970 /* Acceptance Unit Tests (OCSlimProject_AcceptanceUnitTestBundleMac) */ = {
			isa = PBXGroup;
			children = (
				8C47474D1D5B8649005BE970 /* OCSlimProjectTestBundleSupport.m */,
				8C47474F1D5B8649005BE970 /* Info.plist */,
			);
			name = "Acceptance Unit Tests (OCSlimProject_AcceptanceUnitTestBundleMac)";
			path = OCSlimProject_AcceptanceUnitTestBundleMac;
			sourceTree = "<group>";
		};
		8C47475A1D5B877E005BE970 /* Example App (Your OS X App) */ = {
			isa = PBXGroup;
			children = (
				8C47475B1D5B877E005BE970 /* AppDelegate.h */,
				8C47475C1D5B877E005BE970 /* AppDelegate.m */,
				8C4747611D5B877E005BE970 /* Assets.xcassets */,
				8C4747631D5B877E005BE970 /* MainMenu.xib */,
				8C4747661D5B877E005BE970 /* Info.plist */,
				8C47475E1D5B877E005BE970 /* Supporting Files */,
			);
			name = "Example App (Your OS X App)";
			path = OCSlimProject_ExampleMac;
			sourceTree = "<group>";
		};
		8C47475E1D5B877E005BE970 /* Supporting Files */ = {
			isa = PBXGroup;
			children = (
				8C47475F1D5B877E005BE970 /* main.m */,
			);
			name = "Supporting Files";
			sourceTree = "<group>";
		};
		8C634EC21D37D12B00E95652 /* Test Data Manager */ = {
			isa = PBXGroup;
			children = (
				8C634EB81D37BD4400E95652 /* OCSPTestDataManager.h */,
				8C634EB91D37BD4400E95652 /* OCSPTestDataManager.m */,
			);
			name = "Test Data Manager";
			sourceTree = "<group>";
		};
		8CAB865E1D1C074600773B43 /* Test Suite */ = {
			isa = PBXGroup;
			children = (
				8C2EB3FA1D369246000C22FA /* OCSPTestSuite.h */,
				8C2EB3FB1D369246000C22FA /* OCSPTestSuite.m */,
				8C2EB3FC1D369246000C22FA /* OCSPTestSuiteTests.m */,
				8C951CB71D5B3883000B694A /* OCSPTestSuiteTestable.h */,
				8C951CB81D5B3883000B694A /* OCSPTestSuiteTestable.m */,
			);
			name = "Test Suite";
			sourceTree = "<group>";
		};
		8CC377091D51E58600863DF2 /* Localized Message Table */ = {
			isa = PBXGroup;
			children = (
				8CC377061D51E58200863DF2 /* OCSPLocalizedMessageTable.h */,
				8CC377071D51E58200863DF2 /* OCSPLocalizedMessageTable.m */,
				8CC3770A1D51E5C400863DF2 /* OCSPLocalizedMessageTableTests.m */,
				8C4747A61D5C426E005BE970 /* Localizable.strings */,
			);
			name = "Localized Message Table";
			sourceTree = "<group>";
		};
		8CEAFB041D3FB2A20080BE39 /* Test Data Examples */ = {
			isa = PBXGroup;
			children = (
				8C634EC21D37D12B00E95652 /* Test Data Manager */,
				8C4747301D5B7651005BE970 /* Files */,
			);
			name = "Test Data Examples";
			sourceTree = "<group>";
		};
		8CF88A661D1ACD4D001C6C5E /* Fitnesse Test Report Data */ = {
			isa = PBXGroup;
			children = (
				8CF88A671D1ACD5C001C6C5E /* Test Data Reader */,
				8CEAFB041D3FB2A20080BE39 /* Test Data Examples */,
			);
			name = "Fitnesse Test Report Data";
			path = ../Pod/TestClasses;
			sourceTree = SOURCE_ROOT;
		};
		8CF88A671D1ACD5C001C6C5E /* Test Data Reader */ = {
			isa = PBXGroup;
			children = (
				8C634EB31D37A1C600E95652 /* OCSPTestReportReader.h */,
				8C634EB41D37A1C600E95652 /* OCSPTestReportReader.m */,
				8CADF8E91D38DA5E00731FF5 /* OCSPTestReportReaderTests.m */,
			);
			name = "Test Data Reader";
			sourceTree = "<group>";
		};
		8CF88A6A1D1ACDB2001C6C5E /* Principal Test Observer */ = {
			isa = PBXGroup;
			children = (
				8C464D3E1D58D3290000EF7B /* OCSPPrincipalTestObserver.h */,
				8C464D3F1D58D3290000EF7B /* OCSPPrincipalTestObserver.m */,
				8C464D401D58D3290000EF7B /* OCSPPrincipalTestObserverTests.m */,
			);
			name = "Principal Test Observer";
			sourceTree = "<group>";
		};
		8CF88A6B1D1ACDC6001C6C5E /* JUnit XML Parser */ = {
			isa = PBXGroup;
			children = (
				8C634EBB1D37BF5500E95652 /* OCSPJUnitXMLParser.h */,
				8C634EBC1D37BF5500E95652 /* OCSPJUnitXMLParser.m */,
				8CADF8E71D38DA4A00731FF5 /* OCSPJUnitXMLParserTests.m */,
			);
			name = "JUnit XML Parser";
			sourceTree = "<group>";
		};
/* End PBXGroup section */

/* Begin PBXNativeTarget section */
		607FACCF1AFB9204008FA782 /* OCSlimProject_Example */ = {
			isa = PBXNativeTarget;
			buildConfigurationList = 607FACEF1AFB9204008FA782 /* Build configuration list for PBXNativeTarget "OCSlimProject_Example" */;
			buildPhases = (
				607FACCC1AFB9204008FA782 /* Sources */,
				607FACCD1AFB9204008FA782 /* Frameworks */,
				607FACCE1AFB9204008FA782 /* Resources */,
			);
			buildRules = (
			);
			dependencies = (
			);
			name = OCSlimProject_Example;
			productName = CocoaSlim;
			productReference = 607FACD01AFB9204008FA782 /* OCSlimProject_Example.app */;
			productType = "com.apple.product-type.application";
		};
		8C4186E71D7DAD42006FDB55 /* OCSlimProject_AcceptanceTests */ = {
			isa = PBXNativeTarget;
			buildConfigurationList = 8C4186F31D7DAD42006FDB55 /* Build configuration list for PBXNativeTarget "OCSlimProject_AcceptanceTests" */;
			buildPhases = (
				8C4186E31D7DAD42006FDB55 /* Sources */,
				8C4186E41D7DAD42006FDB55 /* Frameworks */,
				8C4186E51D7DAD42006FDB55 /* Resources */,
				8C4186E61D7DAD42006FDB55 /* [OCSP] Generate Fitnesse Test System Scripts */,
			);
			buildRules = (
			);
			dependencies = (
				8CCAA2F91D7ED16B004F7AB8 /* PBXTargetDependency */,
			);
			name = OCSlimProject_AcceptanceTests;
			productName = OCSlimProject_AcceptanceTests;
			productReference = 8C4186E81D7DAD42006FDB55 /* OCSlimProject_AcceptanceTests.app */;
			productType = "com.apple.product-type.application";
		};
		8C4186FA1D7DADC4006FDB55 /* OCSlimProject_AcceptanceTestsMac */ = {
			isa = PBXNativeTarget;
			buildConfigurationList = 8C4187081D7DADC5006FDB55 /* Build configuration list for PBXNativeTarget "OCSlimProject_AcceptanceTestsMac" */;
			buildPhases = (
				8C4186F61D7DADC4006FDB55 /* Sources */,
				8C4186F71D7DADC4006FDB55 /* Frameworks */,
				8C4186F81D7DADC4006FDB55 /* Resources */,
				8C4186F91D7DADC4006FDB55 /* [OCSP] Generate Fitnesse Test System Scripts */,
			);
			buildRules = (
			);
			dependencies = (
				8CCAA2FB1D7ED170004F7AB8 /* PBXTargetDependency */,
			);
			name = OCSlimProject_AcceptanceTestsMac;
			productName = OCSlimProject_AcceptanceTestsMac;
			productReference = 8C4186FB1D7DADC4006FDB55 /* OCSlimProject_AcceptanceTestsMac.app */;
			productType = "com.apple.product-type.application";
		};
		8C464D831D59B9500000EF7B /* OCSlimProjectTestBundleSupportTests */ = {
			isa = PBXNativeTarget;
			buildConfigurationList = 8C464D891D59B9500000EF7B /* Build configuration list for PBXNativeTarget "OCSlimProjectTestBundleSupportTests" */;
			buildPhases = (
				8C464D801D59B9500000EF7B /* Sources */,
				8C464D811D59B9500000EF7B /* Frameworks */,
				8C464D821D59B9500000EF7B /* Resources */,
			);
			buildRules = (
			);
			dependencies = (
			);
			name = OCSlimProjectTestBundleSupportTests;
			productName = OCSlimProjectTestBundleSupportTests;
			productReference = 8C464D841D59B9500000EF7B /* OCSlimProjectTestBundleSupportTests.xctest */;
			productType = "com.apple.product-type.bundle.unit-test";
		};
		8C464DB21D59BD1F0000EF7B /* OCSlimProject_AcceptanceUnitTestBundle */ = {
			isa = PBXNativeTarget;
			buildConfigurationList = 8C464DBA1D59BD1F0000EF7B /* Build configuration list for PBXNativeTarget "OCSlimProject_AcceptanceUnitTestBundle" */;
			buildPhases = (
				8C464DAE1D59BD1F0000EF7B /* Sources */,
				8C464DAF1D59BD1F0000EF7B /* Frameworks */,
				8C464DB01D59BD1F0000EF7B /* Resources */,
				8C464DB11D59BD1F0000EF7B /* [OCSP] Generate Fitnesse Test Bundle Resource File */,
			);
			buildRules = (
			);
			dependencies = (
				8C41870C1D7DBD3F006FDB55 /* PBXTargetDependency */,
			);
			name = OCSlimProject_AcceptanceUnitTestBundle;
			productName = OCSlimProject_AcceptanceUnitTestBundle;
			productReference = 8C464DB31D59BD1F0000EF7B /* OCSlimProject_AcceptanceUnitTestBundle.xctest */;
			productType = "com.apple.product-type.bundle.unit-test";
		};
		8C464DE41D59D4230000EF7B /* OCSlimProjectTestBundleSupportTestsMac */ = {
			isa = PBXNativeTarget;
			buildConfigurationList = 8C464DEA1D59D4230000EF7B /* Build configuration list for PBXNativeTarget "OCSlimProjectTestBundleSupportTestsMac" */;
			buildPhases = (
				8C464DE11D59D4230000EF7B /* Sources */,
				8C464DE21D59D4230000EF7B /* Frameworks */,
				8C464DE31D59D4230000EF7B /* Resources */,
			);
			buildRules = (
			);
			dependencies = (
			);
			name = OCSlimProjectTestBundleSupportTestsMac;
			productName = OCSlimProjectTestBundleSupportTestsMac;
			productReference = 8C464DE51D59D4230000EF7B /* OCSlimProjectTestBundleSupportTestsMac.xctest */;
			productType = "com.apple.product-type.bundle.unit-test";
		};
		8C4747481D5B8649005BE970 /* OCSlimProject_AcceptanceUnitTestBundleMac */ = {
			isa = PBXNativeTarget;
			buildConfigurationList = 8C4747521D5B8649005BE970 /* Build configuration list for PBXNativeTarget "OCSlimProject_AcceptanceUnitTestBundleMac" */;
			buildPhases = (
				8C4747441D5B8649005BE970 /* Sources */,
				8C4747451D5B8649005BE970 /* Frameworks */,
				8C4747461D5B8649005BE970 /* Resources */,
				8C4747471D5B8649005BE970 /* [OCSP] Generate Fitnesse Test Bundle Resource File */,
			);
			buildRules = (
			);
			dependencies = (
				8C41870E1D7DBD4A006FDB55 /* PBXTargetDependency */,
			);
			name = OCSlimProject_AcceptanceUnitTestBundleMac;
			productName = OCSlimProject_AcceptanceUnitTestBundleMac;
			productReference = 8C4747491D5B8649005BE970 /* OCSlimProject_AcceptanceUnitTestBundleMac.xctest */;
			productType = "com.apple.product-type.bundle.unit-test";
		};
		8C4747581D5B877E005BE970 /* OCSlimProject_ExampleMac */ = {
			isa = PBXNativeTarget;
			buildConfigurationList = 8C4747721D5B877E005BE970 /* Build configuration list for PBXNativeTarget "OCSlimProject_ExampleMac" */;
			buildPhases = (
				8C4747551D5B877E005BE970 /* Sources */,
				8C4747561D5B877E005BE970 /* Frameworks */,
				8C4747571D5B877E005BE970 /* Resources */,
			);
			buildRules = (
			);
			dependencies = (
			);
			name = OCSlimProject_ExampleMac;
			productName = OCSlimProject_ExampleMac;
			productReference = 8C4747591D5B877E005BE970 /* OCSlimProject_ExampleMac.app */;
			productType = "com.apple.product-type.application";
		};
/* End PBXNativeTarget section */

/* Begin PBXProject section */
		607FACC81AFB9204008FA782 /* Project object */ = {
			isa = PBXProject;
			attributes = {
				CLASSPREFIX = OCSP;
				LastSwiftUpdateCheck = 0730;
				LastUpgradeCheck = 1140;
				ORGANIZATIONNAME = CleanKit;
				TargetAttributes = {
					607FACCF1AFB9204008FA782 = {
						CreatedOnToolsVersion = 6.3.1;
					};
					8C4186E71D7DAD42006FDB55 = {
						CreatedOnToolsVersion = 7.3.1;
						LastSwiftMigration = 0800;
					};
					8C4186FA1D7DADC4006FDB55 = {
						CreatedOnToolsVersion = 7.3.1;
					};
					8C464D831D59B9500000EF7B = {
						CreatedOnToolsVersion = 7.3.1;
					};
					8C464DB21D59BD1F0000EF7B = {
						CreatedOnToolsVersion = 7.3.1;
						LastSwiftMigration = 0800;
					};
					8C464DE41D59D4230000EF7B = {
						CreatedOnToolsVersion = 7.3.1;
					};
					8C4747481D5B8649005BE970 = {
						CreatedOnToolsVersion = 7.3.1;
					};
					8C4747581D5B877E005BE970 = {
						CreatedOnToolsVersion = 7.3.1;
					};
				};
			};
			buildConfigurationList = 607FACCB1AFB9204008FA782 /* Build configuration list for PBXProject "OCSlimProject" */;
			compatibilityVersion = "Xcode 3.2";
			developmentRegion = en;
			hasScannedForEncodings = 0;
			knownRegions = (
				en,
				Base,
			);
			mainGroup = 607FACC71AFB9204008FA782;
			productRefGroup = 607FACD11AFB9204008FA782 /* Products */;
			projectDirPath = "";
			projectRoot = "";
			targets = (
				607FACCF1AFB9204008FA782 /* OCSlimProject_Example */,
				8C4747581D5B877E005BE970 /* OCSlimProject_ExampleMac */,
				8C4186E71D7DAD42006FDB55 /* OCSlimProject_AcceptanceTests */,
				8C4186FA1D7DADC4006FDB55 /* OCSlimProject_AcceptanceTestsMac */,
				8C464DB21D59BD1F0000EF7B /* OCSlimProject_AcceptanceUnitTestBundle */,
				8C4747481D5B8649005BE970 /* OCSlimProject_AcceptanceUnitTestBundleMac */,
				8C464D831D59B9500000EF7B /* OCSlimProjectTestBundleSupportTests */,
				8C464DE41D59D4230000EF7B /* OCSlimProjectTestBundleSupportTestsMac */,
			);
		};
/* End PBXProject section */

/* Begin PBXResourcesBuildPhase section */
		607FACCE1AFB9204008FA782 /* Resources */ = {
			isa = PBXResourcesBuildPhase;
			buildActionMask = 2147483647;
			files = (
				607FACDB1AFB9204008FA782 /* Main.storyboard in Resources */,
				607FACE01AFB9204008FA782 /* LaunchScreen.xib in Resources */,
				607FACDD1AFB9204008FA782 /* Images.xcassets in Resources */,
			);
			runOnlyForDeploymentPostprocessing = 0;
		};
		8C4186E51D7DAD42006FDB55 /* Resources */ = {
			isa = PBXResourcesBuildPhase;
			buildActionMask = 2147483647;
			files = (
				8C6C2E5D2440987E002DE587 /* Default-568h@2x.png in Resources */,
			);
			runOnlyForDeploymentPostprocessing = 0;
		};
		8C4186F81D7DADC4006FDB55 /* Resources */ = {
			isa = PBXResourcesBuildPhase;
			buildActionMask = 2147483647;
			files = (
				8C4187061D7DADC5006FDB55 /* Empty.xib in Resources */,
			);
			runOnlyForDeploymentPostprocessing = 0;
		};
		8C464D821D59B9500000EF7B /* Resources */ = {
			isa = PBXResourcesBuildPhase;
			buildActionMask = 2147483647;
			files = (
				8C4747891D5BA68E005BE970 /* SuiteTestResultFailures-Exceptions.xml in Resources */,
				8C4747871D5BA68E005BE970 /* SuiteTestResultFailures-3.xml in Resources */,
				8C4747851D5BA68E005BE970 /* SuiteTestResultErrors.xml in Resources */,
				8C4747911D5BA68E005BE970 /* SuiteTestResultSuccess-Empty.xml in Resources */,
				8C47478B1D5BA68E005BE970 /* SuiteTestResultFailures-NotFound.xml in Resources */,
				8C4747A81D5C426E005BE970 /* Localizable.strings in Resources */,
				8C4747931D5BA68E005BE970 /* SuiteTestResultSuccess.xml in Resources */,
				8C47478D1D5BA68E005BE970 /* SuiteTestResultFailures.xml in Resources */,
				8C47478F1D5BA68E005BE970 /* SuiteTestResultSuccess-3.xml in Resources */,
				8C4747831D5BA68E005BE970 /* Fitnesse-Test-Report.xml in Resources */,
			);
			runOnlyForDeploymentPostprocessing = 0;
		};
		8C464DB01D59BD1F0000EF7B /* Resources */ = {
			isa = PBXResourcesBuildPhase;
			buildActionMask = 2147483647;
			files = (
			);
			runOnlyForDeploymentPostprocessing = 0;
		};
		8C464DE31D59D4230000EF7B /* Resources */ = {
			isa = PBXResourcesBuildPhase;
			buildActionMask = 2147483647;
			files = (
				8C47478A1D5BA68E005BE970 /* SuiteTestResultFailures-Exceptions.xml in Resources */,
				8C4747881D5BA68E005BE970 /* SuiteTestResultFailures-3.xml in Resources */,
				8C4747861D5BA68E005BE970 /* SuiteTestResultErrors.xml in Resources */,
				8C4747921D5BA68E005BE970 /* SuiteTestResultSuccess-Empty.xml in Resources */,
				8C47478C1D5BA68E005BE970 /* SuiteTestResultFailures-NotFound.xml in Resources */,
				8C4747A91D5C426E005BE970 /* Localizable.strings in Resources */,
				8C4747941D5BA68E005BE970 /* SuiteTestResultSuccess.xml in Resources */,
				8C47478E1D5BA68E005BE970 /* SuiteTestResultFailures.xml in Resources */,
				8C4747901D5BA68E005BE970 /* SuiteTestResultSuccess-3.xml in Resources */,
				8C4747841D5BA68E005BE970 /* Fitnesse-Test-Report.xml in Resources */,
			);
			runOnlyForDeploymentPostprocessing = 0;
		};
		8C4747461D5B8649005BE970 /* Resources */ = {
			isa = PBXResourcesBuildPhase;
			buildActionMask = 2147483647;
			files = (
			);
			runOnlyForDeploymentPostprocessing = 0;
		};
		8C4747571D5B877E005BE970 /* Resources */ = {
			isa = PBXResourcesBuildPhase;
			buildActionMask = 2147483647;
			files = (
				8C4747621D5B877E005BE970 /* Assets.xcassets in Resources */,
				8C4747651D5B877E005BE970 /* MainMenu.xib in Resources */,
			);
			runOnlyForDeploymentPostprocessing = 0;
		};
/* End PBXResourcesBuildPhase section */

/* Begin PBXShellScriptBuildPhase section */
		8C4186E61D7DAD42006FDB55 /* [OCSP] Generate Fitnesse Test System Scripts */ = {
			isa = PBXShellScriptBuildPhase;
			buildActionMask = 2147483647;
			files = (
			);
			inputPaths = (
			);
			name = "[OCSP] Generate Fitnesse Test System Scripts";
			outputPaths = (
			);
			runOnlyForDeploymentPostprocessing = 0;
			shellPath = /bin/sh;
			shellScript = "${OCSP_SUPPORT_FILE_DIR}/ocsp-generate-fitnesse-test-system-scripts.sh \"${OCSP_BUNDLE_RESOURCES_DIR}\"";
		};
		8C4186F91D7DADC4006FDB55 /* [OCSP] Generate Fitnesse Test System Scripts */ = {
			isa = PBXShellScriptBuildPhase;
			buildActionMask = 2147483647;
			files = (
			);
			inputPaths = (
			);
			name = "[OCSP] Generate Fitnesse Test System Scripts";
			outputPaths = (
			);
			runOnlyForDeploymentPostprocessing = 0;
			shellPath = /bin/sh;
			shellScript = "${OCSP_SUPPORT_FILE_DIR}/ocsp-generate-fitnesse-test-system-scripts.sh \"${OCSP_BUNDLE_RESOURCES_DIR}\"";
		};
		8C464DB11D59BD1F0000EF7B /* [OCSP] Generate Fitnesse Test Bundle Resource File */ = {
			isa = PBXShellScriptBuildPhase;
			buildActionMask = 2147483647;
			files = (
			);
			inputPaths = (
			);
			name = "[OCSP] Generate Fitnesse Test Bundle Resource File";
			outputPaths = (
			);
			runOnlyForDeploymentPostprocessing = 0;
			shellPath = /bin/sh;
			shellScript = "FITNESSE_SUITE_NAME=\"OCSlimProjectExamplePage\"\nTEST_REPORT_FILE_PATH=\"${OCSP_TEST_REPORT_FILE_PATH}\"\n${OCSP_SUPPORT_FILE_DIR}/ocsp-generate-fitnesse-test-report.sh $FITNESSE_SUITE_NAME $TEST_REPORT_FILE_PATH\n";
			showEnvVarsInLog = 0;
		};
		8C4747471D5B8649005BE970 /* [OCSP] Generate Fitnesse Test Bundle Resource File */ = {
			isa = PBXShellScriptBuildPhase;
			buildActionMask = 2147483647;
			files = (
			);
			inputPaths = (
			);
			name = "[OCSP] Generate Fitnesse Test Bundle Resource File";
			outputPaths = (
			);
			runOnlyForDeploymentPostprocessing = 0;
			shellPath = /bin/sh;
			shellScript = "FITNESSE_SUITE_NAME=\"OCSlimProjectExamplePage\"\nTEST_REPORT_FILE_PATH=\"${OCSP_TEST_REPORT_FILE_PATH}\"\n${OCSP_SUPPORT_FILE_DIR}/ocsp-generate-fitnesse-test-report.sh $FITNESSE_SUITE_NAME $TEST_REPORT_FILE_PATH";
			showEnvVarsInLog = 0;
		};
/* End PBXShellScriptBuildPhase section */

/* Begin PBXSourcesBuildPhase section */
		607FACCC1AFB9204008FA782 /* Sources */ = {
			isa = PBXSourcesBuildPhase;
			buildActionMask = 2147483647;
			files = (
				607FACD81AFB9204008FA782 /* ViewController.swift in Sources */,
				607FACD61AFB9204008FA782 /* AppDelegate.swift in Sources */,
			);
			runOnlyForDeploymentPostprocessing = 0;
		};
		8C4186E31D7DAD42006FDB55 /* Sources */ = {
			isa = PBXSourcesBuildPhase;
			buildActionMask = 2147483647;
			files = (
				8C4186EF1D7DAD42006FDB55 /* FixtureExample.swift in Sources */,
				8C4186EC1D7DAD42006FDB55 /* OCSlimProject_AcceptanceTests.m in Sources */,
			);
			runOnlyForDeploymentPostprocessing = 0;
		};
		8C4186F61D7DADC4006FDB55 /* Sources */ = {
			isa = PBXSourcesBuildPhase;
			buildActionMask = 2147483647;
			files = (
				8C4187021D7DADC5006FDB55 /* FixtureExample.swift in Sources */,
				8C4186FF1D7DADC5006FDB55 /* OCSlimProject_AcceptanceTestsMac.m in Sources */,
			);
			runOnlyForDeploymentPostprocessing = 0;
		};
		8C464D801D59B9500000EF7B /* Sources */ = {
			isa = PBXSourcesBuildPhase;
			buildActionMask = 2147483647;
			files = (
				8C464D8E1D59B9950000EF7B /* OCSPAssertRecorder.m in Sources */,
				8C951CB91D5B3883000B694A /* OCSPTestSuiteTestable.m in Sources */,
				8C464D991D59BAB90000EF7B /* OCSPTestReportReader.m in Sources */,
				8C464D8D1D59B97C0000EF7B /* OCSPPrincipalTestObserverTests.m in Sources */,
				8C464D981D59BAA50000EF7B /* OCSPTestDataManager.m in Sources */,
				8C464D901D59B9950000EF7B /* OCSPTestSuiteTests.m in Sources */,
				8C464D9A1D59BAC00000EF7B /* OCSPTestReportReaderTests.m in Sources */,
				8C464D931D59B99F0000EF7B /* OCSPLocalizedMessageTable.m in Sources */,
				8C4747991D5C41A2005BE970 /* OCSPTestReportCenter.m in Sources */,
				8C47479B1D5C41A2005BE970 /* OCSPTestReportCenterTests.m in Sources */,
				8C464D921D59B9990000EF7B /* OCSPJUnitXMLParserTests.m in Sources */,
				8C464D941D59B99F0000EF7B /* OCSPLocalizedMessageTableTests.m in Sources */,
				8C47479F1D5C41BC005BE970 /* OCSPTestCaseReport.m in Sources */,
				8C464D8C1D59B97C0000EF7B /* OCSPPrincipalTestObserver.m in Sources */,
				8C464D911D59B9990000EF7B /* OCSPJUnitXMLParser.m in Sources */,
				8C464D8F1D59B9950000EF7B /* OCSPTestSuite.m in Sources */,
			);
			runOnlyForDeploymentPostprocessing = 0;
		};
		8C464DAE1D59BD1F0000EF7B /* Sources */ = {
			isa = PBXSourcesBuildPhase;
			buildActionMask = 2147483647;
			files = (
				8C464DB81D59BD1F0000EF7B /* OCSlimProjectTestBundleSupport.m in Sources */,
			);
			runOnlyForDeploymentPostprocessing = 0;
		};
		8C464DE11D59D4230000EF7B /* Sources */ = {
			isa = PBXSourcesBuildPhase;
			buildActionMask = 2147483647;
			files = (
				8C464DF01D59D4D10000EF7B /* OCSPTestSuite.m in Sources */,
				8C951CBA1D5B3883000B694A /* OCSPTestSuiteTestable.m in Sources */,
				8C464DF71D59D4E20000EF7B /* OCSPTestReportReader.m in Sources */,
				8C464DF11D59D4D10000EF7B /* OCSPTestSuiteTests.m in Sources */,
				8C464DF41D59D4D70000EF7B /* OCSPLocalizedMessageTable.m in Sources */,
				8C464E031D59D50C0000EF7B /* OCSPAssertRecorder.m in Sources */,
				8C464DF31D59D4D40000EF7B /* OCSPJUnitXMLParserTests.m in Sources */,
				8C464DF81D59D4E20000EF7B /* OCSPTestReportReaderTests.m in Sources */,
				8C47479A1D5C41A2005BE970 /* OCSPTestReportCenter.m in Sources */,
				8C47479C1D5C41A2005BE970 /* OCSPTestReportCenterTests.m in Sources */,
				8C464DEF1D59D4CC0000EF7B /* OCSPPrincipalTestObserverTests.m in Sources */,
				8C464DF91D59D4E60000EF7B /* OCSPTestDataManager.m in Sources */,
				8C4747A01D5C41BC005BE970 /* OCSPTestCaseReport.m in Sources */,
				8C464DEE1D59D4CC0000EF7B /* OCSPPrincipalTestObserver.m in Sources */,
				8C464DF51D59D4D70000EF7B /* OCSPLocalizedMessageTableTests.m in Sources */,
				8C464DF21D59D4D40000EF7B /* OCSPJUnitXMLParser.m in Sources */,
			);
			runOnlyForDeploymentPostprocessing = 0;
		};
		8C4747441D5B8649005BE970 /* Sources */ = {
			isa = PBXSourcesBuildPhase;
			buildActionMask = 2147483647;
			files = (
				8C47474E1D5B8649005BE970 /* OCSlimProjectTestBundleSupport.m in Sources */,
			);
			runOnlyForDeploymentPostprocessing = 0;
		};
		8C4747551D5B877E005BE970 /* Sources */ = {
			isa = PBXSourcesBuildPhase;
			buildActionMask = 2147483647;
			files = (
				8C4747601D5B877E005BE970 /* main.m in Sources */,
				8C47475D1D5B877E005BE970 /* AppDelegate.m in Sources */,
			);
			runOnlyForDeploymentPostprocessing = 0;
		};
/* End PBXSourcesBuildPhase section */

/* Begin PBXTargetDependency section */
		8C41870C1D7DBD3F006FDB55 /* PBXTargetDependency */ = {
			isa = PBXTargetDependency;
			target = 8C4186E71D7DAD42006FDB55 /* OCSlimProject_AcceptanceTests */;
			targetProxy = 8C41870B1D7DBD3F006FDB55 /* PBXContainerItemProxy */;
		};
		8C41870E1D7DBD4A006FDB55 /* PBXTargetDependency */ = {
			isa = PBXTargetDependency;
			target = 8C4186FA1D7DADC4006FDB55 /* OCSlimProject_AcceptanceTestsMac */;
			targetProxy = 8C41870D1D7DBD4A006FDB55 /* PBXContainerItemProxy */;
		};
		8CCAA2F91D7ED16B004F7AB8 /* PBXTargetDependency */ = {
			isa = PBXTargetDependency;
			target = 607FACCF1AFB9204008FA782 /* OCSlimProject_Example */;
			targetProxy = 8CCAA2F81D7ED16B004F7AB8 /* PBXContainerItemProxy */;
		};
		8CCAA2FB1D7ED170004F7AB8 /* PBXTargetDependency */ = {
			isa = PBXTargetDependency;
			target = 8C4747581D5B877E005BE970 /* OCSlimProject_ExampleMac */;
			targetProxy = 8CCAA2FA1D7ED170004F7AB8 /* PBXContainerItemProxy */;
		};
/* End PBXTargetDependency section */

/* Begin PBXVariantGroup section */
		607FACD91AFB9204008FA782 /* Main.storyboard */ = {
			isa = PBXVariantGroup;
			children = (
				607FACDA1AFB9204008FA782 /* Base */,
			);
			name = Main.storyboard;
			sourceTree = "<group>";
		};
		607FACDE1AFB9204008FA782 /* LaunchScreen.xib */ = {
			isa = PBXVariantGroup;
			children = (
				607FACDF1AFB9204008FA782 /* Base */,
			);
			name = LaunchScreen.xib;
			sourceTree = "<group>";
		};
		8C4747631D5B877E005BE970 /* MainMenu.xib */ = {
			isa = PBXVariantGroup;
			children = (
				8C4747641D5B877E005BE970 /* Base */,
			);
			name = MainMenu.xib;
			sourceTree = "<group>";
		};
		8C4747A61D5C426E005BE970 /* Localizable.strings */ = {
			isa = PBXVariantGroup;
			children = (
				8C4747A71D5C426E005BE970 /* en */,
			);
			name = Localizable.strings;
			sourceTree = "<group>";
		};
/* End PBXVariantGroup section */

/* Begin XCBuildConfiguration section */
		607FACED1AFB9204008FA782 /* Debug */ = {
			isa = XCBuildConfiguration;
			buildSettings = {
				ALWAYS_SEARCH_USER_PATHS = NO;
				CLANG_ANALYZER_LOCALIZABILITY_NONLOCALIZED = YES;
				CLANG_CXX_LANGUAGE_STANDARD = "gnu++0x";
				CLANG_CXX_LIBRARY = "libc++";
				CLANG_ENABLE_MODULES = YES;
				CLANG_ENABLE_OBJC_ARC = YES;
				CLANG_WARN_BLOCK_CAPTURE_AUTORELEASING = YES;
				CLANG_WARN_BOOL_CONVERSION = YES;
				CLANG_WARN_COMMA = YES;
				CLANG_WARN_CONSTANT_CONVERSION = YES;
				CLANG_WARN_DEPRECATED_OBJC_IMPLEMENTATIONS = YES;
				CLANG_WARN_DIRECT_OBJC_ISA_USAGE = YES_ERROR;
				CLANG_WARN_EMPTY_BODY = YES;
				CLANG_WARN_ENUM_CONVERSION = YES;
				CLANG_WARN_INFINITE_RECURSION = YES;
				CLANG_WARN_INT_CONVERSION = YES;
				CLANG_WARN_NON_LITERAL_NULL_CONVERSION = YES;
				CLANG_WARN_OBJC_IMPLICIT_RETAIN_SELF = YES;
				CLANG_WARN_OBJC_LITERAL_CONVERSION = YES;
				CLANG_WARN_OBJC_ROOT_CLASS = YES_ERROR;
				CLANG_WARN_RANGE_LOOP_ANALYSIS = YES;
				CLANG_WARN_STRICT_PROTOTYPES = YES;
				CLANG_WARN_SUSPICIOUS_MOVE = YES;
				CLANG_WARN_UNREACHABLE_CODE = YES;
				CLANG_WARN__DUPLICATE_METHOD_MATCH = YES;
				"CODE_SIGN_IDENTITY[sdk=iphoneos*]" = "iPhone Developer";
				COPY_PHASE_STRIP = NO;
				DEBUG_INFORMATION_FORMAT = "dwarf-with-dsym";
				ENABLE_STRICT_OBJC_MSGSEND = YES;
				ENABLE_TESTABILITY = YES;
				GCC_C_LANGUAGE_STANDARD = gnu99;
				GCC_DYNAMIC_NO_PIC = NO;
				GCC_NO_COMMON_BLOCKS = YES;
				GCC_OPTIMIZATION_LEVEL = 0;
				GCC_PREPROCESSOR_DEFINITIONS = (
					"DEBUG=1",
					"$(inherited)",
				);
				GCC_SYMBOLS_PRIVATE_EXTERN = NO;
				GCC_WARN_64_TO_32_BIT_CONVERSION = YES;
				GCC_WARN_ABOUT_RETURN_TYPE = YES_ERROR;
				GCC_WARN_UNDECLARED_SELECTOR = YES;
				GCC_WARN_UNINITIALIZED_AUTOS = YES_AGGRESSIVE;
				GCC_WARN_UNUSED_FUNCTION = YES;
				GCC_WARN_UNUSED_VARIABLE = YES;
				IPHONEOS_DEPLOYMENT_TARGET = 8.3;
				MTL_ENABLE_DEBUG_INFO = YES;
				ONLY_ACTIVE_ARCH = YES;
				SDKROOT = iphoneos;
				SWIFT_OPTIMIZATION_LEVEL = "-Onone";
				SWIFT_VERSION = 5.0;
			};
			name = Debug;
		};
		607FACEE1AFB9204008FA782 /* Release */ = {
			isa = XCBuildConfiguration;
			buildSettings = {
				ALWAYS_SEARCH_USER_PATHS = NO;
				CLANG_ANALYZER_LOCALIZABILITY_NONLOCALIZED = YES;
				CLANG_CXX_LANGUAGE_STANDARD = "gnu++0x";
				CLANG_CXX_LIBRARY = "libc++";
				CLANG_ENABLE_MODULES = YES;
				CLANG_ENABLE_OBJC_ARC = YES;
				CLANG_WARN_BLOCK_CAPTURE_AUTORELEASING = YES;
				CLANG_WARN_BOOL_CONVERSION = YES;
				CLANG_WARN_COMMA = YES;
				CLANG_WARN_CONSTANT_CONVERSION = YES;
				CLANG_WARN_DEPRECATED_OBJC_IMPLEMENTATIONS = YES;
				CLANG_WARN_DIRECT_OBJC_ISA_USAGE = YES_ERROR;
				CLANG_WARN_EMPTY_BODY = YES;
				CLANG_WARN_ENUM_CONVERSION = YES;
				CLANG_WARN_INFINITE_RECURSION = YES;
				CLANG_WARN_INT_CONVERSION = YES;
				CLANG_WARN_NON_LITERAL_NULL_CONVERSION = YES;
				CLANG_WARN_OBJC_IMPLICIT_RETAIN_SELF = YES;
				CLANG_WARN_OBJC_LITERAL_CONVERSION = YES;
				CLANG_WARN_OBJC_ROOT_CLASS = YES_ERROR;
				CLANG_WARN_RANGE_LOOP_ANALYSIS = YES;
				CLANG_WARN_STRICT_PROTOTYPES = YES;
				CLANG_WARN_SUSPICIOUS_MOVE = YES;
				CLANG_WARN_UNREACHABLE_CODE = YES;
				CLANG_WARN__DUPLICATE_METHOD_MATCH = YES;
				"CODE_SIGN_IDENTITY[sdk=iphoneos*]" = "iPhone Developer";
				COPY_PHASE_STRIP = NO;
				DEBUG_INFORMATION_FORMAT = "dwarf-with-dsym";
				ENABLE_NS_ASSERTIONS = NO;
				ENABLE_STRICT_OBJC_MSGSEND = YES;
				GCC_C_LANGUAGE_STANDARD = gnu99;
				GCC_NO_COMMON_BLOCKS = YES;
				GCC_WARN_64_TO_32_BIT_CONVERSION = YES;
				GCC_WARN_ABOUT_RETURN_TYPE = YES_ERROR;
				GCC_WARN_UNDECLARED_SELECTOR = YES;
				GCC_WARN_UNINITIALIZED_AUTOS = YES_AGGRESSIVE;
				GCC_WARN_UNUSED_FUNCTION = YES;
				GCC_WARN_UNUSED_VARIABLE = YES;
				IPHONEOS_DEPLOYMENT_TARGET = 8.3;
				MTL_ENABLE_DEBUG_INFO = NO;
				SDKROOT = iphoneos;
				SWIFT_COMPILATION_MODE = wholemodule;
				SWIFT_VERSION = 5.0;
				VALIDATE_PRODUCT = YES;
			};
			name = Release;
		};
		607FACF01AFB9204008FA782 /* Debug */ = {
			isa = XCBuildConfiguration;
			buildSettings = {
				ASSETCATALOG_COMPILER_APPICON_NAME = AppIcon;
				CLANG_ENABLE_MODULES = YES;
				INFOPLIST_FILE = OCSlimProject/Info.plist;
				LD_RUNPATH_SEARCH_PATHS = "$(inherited) @executable_path/Frameworks";
				MODULE_NAME = ExampleApp;
				PRODUCT_BUNDLE_IDENTIFIER = "org.cocoapods.demo.$(PRODUCT_NAME:rfc1034identifier)";
				PRODUCT_NAME = OCSlimProject_Example;
				SWIFT_OPTIMIZATION_LEVEL = "-Onone";
			};
			name = Debug;
		};
		607FACF11AFB9204008FA782 /* Release */ = {
			isa = XCBuildConfiguration;
			buildSettings = {
				ASSETCATALOG_COMPILER_APPICON_NAME = AppIcon;
				CLANG_ENABLE_MODULES = YES;
				INFOPLIST_FILE = OCSlimProject/Info.plist;
				LD_RUNPATH_SEARCH_PATHS = "$(inherited) @executable_path/Frameworks";
				MODULE_NAME = ExampleApp;
				PRODUCT_BUNDLE_IDENTIFIER = "org.cocoapods.demo.$(PRODUCT_NAME:rfc1034identifier)";
				PRODUCT_NAME = OCSlimProject_Example;
			};
			name = Release;
		};
		8C4186F41D7DAD42006FDB55 /* Debug */ = {
			isa = XCBuildConfiguration;
			buildSettings = {
				CLANG_ANALYZER_NONNULL = YES;
				DEBUG_INFORMATION_FORMAT = dwarf;
				INFOPLIST_FILE = OCSlimProject_AcceptanceTests/Info.plist;
				IPHONEOS_DEPLOYMENT_TARGET = 9.3;
				LD_RUNPATH_SEARCH_PATHS = "$(inherited) @executable_path/Frameworks";
				PRODUCT_BUNDLE_IDENTIFIER = "net.stringerstheory.OCSlimProject-AcceptanceTests";
				PRODUCT_NAME = "$(TARGET_NAME)";
				SWIFT_OBJC_BRIDGING_HEADER = "OCSlimProject_AcceptanceTests/OCSlimProject_AcceptanceTests-Bridging-Header.h";
			};
			name = Debug;
		};
		8C4186F51D7DAD42006FDB55 /* Release */ = {
			isa = XCBuildConfiguration;
			buildSettings = {
				CLANG_ANALYZER_NONNULL = YES;
				INFOPLIST_FILE = OCSlimProject_AcceptanceTests/Info.plist;
				IPHONEOS_DEPLOYMENT_TARGET = 9.3;
				LD_RUNPATH_SEARCH_PATHS = "$(inherited) @executable_path/Frameworks";
				PRODUCT_BUNDLE_IDENTIFIER = "net.stringerstheory.OCSlimProject-AcceptanceTests";
				PRODUCT_NAME = "$(TARGET_NAME)";
				SWIFT_OBJC_BRIDGING_HEADER = "OCSlimProject_AcceptanceTests/OCSlimProject_AcceptanceTests-Bridging-Header.h";
			};
			name = Release;
		};
		8C4187091D7DADC5006FDB55 /* Debug */ = {
			isa = XCBuildConfiguration;
			buildSettings = {
				CLANG_ANALYZER_NONNULL = YES;
				CODE_SIGN_IDENTITY = "-";
				DEBUG_INFORMATION_FORMAT = dwarf;
				INFOPLIST_FILE = OCSlimProject_AcceptanceTestsMac/Info.plist;
				LD_RUNPATH_SEARCH_PATHS = "$(inherited) @executable_path/../Frameworks";
				MACOSX_DEPLOYMENT_TARGET = 10.11;
				PRODUCT_BUNDLE_IDENTIFIER = "net.stringerstheory.OCSlimProject-AcceptanceTestsMac";
				PRODUCT_NAME = "$(TARGET_NAME)";
				SDKROOT = macosx;
				SWIFT_OBJC_BRIDGING_HEADER = "OCSlimProject_AcceptanceTestsMac/OCSlimProject_AcceptanceTestsMac-Bridging-Header.h";
			};
			name = Debug;
		};
		8C41870A1D7DADC5006FDB55 /* Release */ = {
			isa = XCBuildConfiguration;
			buildSettings = {
				CLANG_ANALYZER_NONNULL = YES;
				CODE_SIGN_IDENTITY = "-";
				INFOPLIST_FILE = OCSlimProject_AcceptanceTestsMac/Info.plist;
				LD_RUNPATH_SEARCH_PATHS = "$(inherited) @executable_path/../Frameworks";
				MACOSX_DEPLOYMENT_TARGET = 10.11;
				PRODUCT_BUNDLE_IDENTIFIER = "net.stringerstheory.OCSlimProject-AcceptanceTestsMac";
				PRODUCT_NAME = "$(TARGET_NAME)";
				SDKROOT = macosx;
				SWIFT_OBJC_BRIDGING_HEADER = "OCSlimProject_AcceptanceTestsMac/OCSlimProject_AcceptanceTestsMac-Bridging-Header.h";
			};
			name = Release;
		};
		8C464D8A1D59B9500000EF7B /* Debug */ = {
			isa = XCBuildConfiguration;
			buildSettings = {
				CLANG_ANALYZER_NONNULL = YES;
				CODE_SIGN_IDENTITY = "-";
				COMBINE_HIDPI_IMAGES = YES;
				DEBUG_INFORMATION_FORMAT = dwarf;
				INFOPLIST_FILE = "OCSlimProjectTestBundleSupportTests-Resources/Info.plist";
				LD_RUNPATH_SEARCH_PATHS = "$(inherited) @executable_path/../Frameworks @loader_path/../Frameworks";
				MACOSX_DEPLOYMENT_TARGET = 10.11;
				PRODUCT_BUNDLE_IDENTIFIER = net.stringerstheory.OCSlimProjectTestBundleSupportTests;
				PRODUCT_NAME = "$(TARGET_NAME)";
				SDKROOT = iphoneos;
			};
			name = Debug;
		};
		8C464D8B1D59B9500000EF7B /* Release */ = {
			isa = XCBuildConfiguration;
			buildSettings = {
				CLANG_ANALYZER_NONNULL = YES;
				CODE_SIGN_IDENTITY = "-";
				COMBINE_HIDPI_IMAGES = YES;
				INFOPLIST_FILE = "OCSlimProjectTestBundleSupportTests-Resources/Info.plist";
				LD_RUNPATH_SEARCH_PATHS = "$(inherited) @executable_path/../Frameworks @loader_path/../Frameworks";
				MACOSX_DEPLOYMENT_TARGET = 10.11;
				PRODUCT_BUNDLE_IDENTIFIER = net.stringerstheory.OCSlimProjectTestBundleSupportTests;
				PRODUCT_NAME = "$(TARGET_NAME)";
				SDKROOT = iphoneos;
			};
			name = Release;
		};
		8C464DBB1D59BD1F0000EF7B /* Debug */ = {
			isa = XCBuildConfiguration;
			buildSettings = {
				CLANG_ANALYZER_NONNULL = YES;
				DEBUG_INFORMATION_FORMAT = dwarf;
				INFOPLIST_FILE = OCSlimProject_AcceptanceUnitTestBundle/Info.plist;
				IPHONEOS_DEPLOYMENT_TARGET = 9.3;
				LD_RUNPATH_SEARCH_PATHS = "$(inherited) @executable_path/Frameworks @loader_path/Frameworks";
				PRODUCT_BUNDLE_IDENTIFIER = "net.stringerstheory.OCSlimProject-AcceptanceUnitTestBundle";
				PRODUCT_NAME = "$(TARGET_NAME)";
			};
			name = Debug;
		};
		8C464DBC1D59BD1F0000EF7B /* Release */ = {
			isa = XCBuildConfiguration;
			buildSettings = {
				CLANG_ANALYZER_NONNULL = YES;
				INFOPLIST_FILE = OCSlimProject_AcceptanceUnitTestBundle/Info.plist;
				IPHONEOS_DEPLOYMENT_TARGET = 9.3;
				LD_RUNPATH_SEARCH_PATHS = "$(inherited) @executable_path/Frameworks @loader_path/Frameworks";
				PRODUCT_BUNDLE_IDENTIFIER = "net.stringerstheory.OCSlimProject-AcceptanceUnitTestBundle";
				PRODUCT_NAME = "$(TARGET_NAME)";
			};
			name = Release;
		};
		8C464DEB1D59D4230000EF7B /* Debug */ = {
			isa = XCBuildConfiguration;
			buildSettings = {
				CLANG_ANALYZER_NONNULL = YES;
				CODE_SIGN_IDENTITY = "-";
				COMBINE_HIDPI_IMAGES = YES;
				DEBUG_INFORMATION_FORMAT = dwarf;
				INFOPLIST_FILE = "OCSlimProjectTestBundleSupportTests-Resources/Info.plist";
				LD_RUNPATH_SEARCH_PATHS = "$(inherited) @executable_path/../Frameworks @loader_path/../Frameworks";
				MACOSX_DEPLOYMENT_TARGET = 10.11;
				PRODUCT_BUNDLE_IDENTIFIER = net.stringerstheory.OCSlimProjectTestBundleSupportTestsMac;
				PRODUCT_NAME = "$(TARGET_NAME)";
				SDKROOT = macosx;
			};
			name = Debug;
		};
		8C464DEC1D59D4230000EF7B /* Release */ = {
			isa = XCBuildConfiguration;
			buildSettings = {
				CLANG_ANALYZER_NONNULL = YES;
				CODE_SIGN_IDENTITY = "-";
				COMBINE_HIDPI_IMAGES = YES;
				INFOPLIST_FILE = "OCSlimProjectTestBundleSupportTests-Resources/Info.plist";
				LD_RUNPATH_SEARCH_PATHS = "$(inherited) @executable_path/../Frameworks @loader_path/../Frameworks";
				MACOSX_DEPLOYMENT_TARGET = 10.11;
				PRODUCT_BUNDLE_IDENTIFIER = net.stringerstheory.OCSlimProjectTestBundleSupportTestsMac;
				PRODUCT_NAME = "$(TARGET_NAME)";
				SDKROOT = macosx;
			};
			name = Release;
		};
		8C4747501D5B8649005BE970 /* Debug */ = {
			isa = XCBuildConfiguration;
			buildSettings = {
				CLANG_ANALYZER_NONNULL = YES;
				CODE_SIGN_IDENTITY = "-";
				DEBUG_INFORMATION_FORMAT = dwarf;
				INFOPLIST_FILE = OCSlimProject_AcceptanceUnitTestBundleMac/Info.plist;
				LD_RUNPATH_SEARCH_PATHS = "$(inherited) @executable_path/../Frameworks @loader_path/../Frameworks";
				MACOSX_DEPLOYMENT_TARGET = 10.11;
				PRODUCT_BUNDLE_IDENTIFIER = "net.stringerstheory.OCSlimProject-AcceptanceUnitTestBundleMac";
				PRODUCT_NAME = "$(TARGET_NAME)";
				SDKROOT = macosx;
			};
			name = Debug;
		};
		8C4747511D5B8649005BE970 /* Release */ = {
			isa = XCBuildConfiguration;
			buildSettings = {
				CLANG_ANALYZER_NONNULL = YES;
				CODE_SIGN_IDENTITY = "-";
				INFOPLIST_FILE = OCSlimProject_AcceptanceUnitTestBundleMac/Info.plist;
				LD_RUNPATH_SEARCH_PATHS = "$(inherited) @executable_path/../Frameworks @loader_path/../Frameworks";
				MACOSX_DEPLOYMENT_TARGET = 10.11;
				PRODUCT_BUNDLE_IDENTIFIER = "net.stringerstheory.OCSlimProject-AcceptanceUnitTestBundleMac";
				PRODUCT_NAME = "$(TARGET_NAME)";
				SDKROOT = macosx;
			};
			name = Release;
		};
		8C4747731D5B877E005BE970 /* Debug */ = {
			isa = XCBuildConfiguration;
			buildSettings = {
				ASSETCATALOG_COMPILER_APPICON_NAME = AppIcon;
				CLANG_ANALYZER_NONNULL = YES;
				CODE_SIGN_IDENTITY = "-";
				COMBINE_HIDPI_IMAGES = YES;
				DEBUG_INFORMATION_FORMAT = dwarf;
				INFOPLIST_FILE = OCSlimProject_ExampleMac/Info.plist;
				LD_RUNPATH_SEARCH_PATHS = "$(inherited) @executable_path/../Frameworks";
				MACOSX_DEPLOYMENT_TARGET = 10.11;
				PRODUCT_BUNDLE_IDENTIFIER = "net.stringerstheory.OCSlimProject-ExampleMac";
				PRODUCT_NAME = "$(TARGET_NAME)";
				SDKROOT = macosx;
			};
			name = Debug;
		};
		8C4747741D5B877E005BE970 /* Release */ = {
			isa = XCBuildConfiguration;
			buildSettings = {
				ASSETCATALOG_COMPILER_APPICON_NAME = AppIcon;
				CLANG_ANALYZER_NONNULL = YES;
				CODE_SIGN_IDENTITY = "-";
				COMBINE_HIDPI_IMAGES = YES;
				INFOPLIST_FILE = OCSlimProject_ExampleMac/Info.plist;
				LD_RUNPATH_SEARCH_PATHS = "$(inherited) @executable_path/../Frameworks";
				MACOSX_DEPLOYMENT_TARGET = 10.11;
				PRODUCT_BUNDLE_IDENTIFIER = "net.stringerstheory.OCSlimProject-ExampleMac";
				PRODUCT_NAME = "$(TARGET_NAME)";
				SDKROOT = macosx;
			};
			name = Release;
		};
/* End XCBuildConfiguration section */

/* Begin XCConfigurationList section */
		607FACCB1AFB9204008FA782 /* Build configuration list for PBXProject "OCSlimProject" */ = {
			isa = XCConfigurationList;
			buildConfigurations = (
				607FACED1AFB9204008FA782 /* Debug */,
				607FACEE1AFB9204008FA782 /* Release */,
			);
			defaultConfigurationIsVisible = 0;
			defaultConfigurationName = Release;
		};
		607FACEF1AFB9204008FA782 /* Build configuration list for PBXNativeTarget "OCSlimProject_Example" */ = {
			isa = XCConfigurationList;
			buildConfigurations = (
				607FACF01AFB9204008FA782 /* Debug */,
				607FACF11AFB9204008FA782 /* Release */,
			);
			defaultConfigurationIsVisible = 0;
			defaultConfigurationName = Release;
		};
		8C4186F31D7DAD42006FDB55 /* Build configuration list for PBXNativeTarget "OCSlimProject_AcceptanceTests" */ = {
			isa = XCConfigurationList;
			buildConfigurations = (
				8C4186F41D7DAD42006FDB55 /* Debug */,
				8C4186F51D7DAD42006FDB55 /* Release */,
			);
			defaultConfigurationIsVisible = 0;
			defaultConfigurationName = Release;
		};
		8C4187081D7DADC5006FDB55 /* Build configuration list for PBXNativeTarget "OCSlimProject_AcceptanceTestsMac" */ = {
			isa = XCConfigurationList;
			buildConfigurations = (
				8C4187091D7DADC5006FDB55 /* Debug */,
				8C41870A1D7DADC5006FDB55 /* Release */,
			);
			defaultConfigurationIsVisible = 0;
			defaultConfigurationName = Release;
		};
		8C464D891D59B9500000EF7B /* Build configuration list for PBXNativeTarget "OCSlimProjectTestBundleSupportTests" */ = {
			isa = XCConfigurationList;
			buildConfigurations = (
				8C464D8A1D59B9500000EF7B /* Debug */,
				8C464D8B1D59B9500000EF7B /* Release */,
			);
			defaultConfigurationIsVisible = 0;
			defaultConfigurationName = Release;
		};
		8C464DBA1D59BD1F0000EF7B /* Build configuration list for PBXNativeTarget "OCSlimProject_AcceptanceUnitTestBundle" */ = {
			isa = XCConfigurationList;
			buildConfigurations = (
				8C464DBB1D59BD1F0000EF7B /* Debug */,
				8C464DBC1D59BD1F0000EF7B /* Release */,
			);
			defaultConfigurationIsVisible = 0;
			defaultConfigurationName = Release;
		};
		8C464DEA1D59D4230000EF7B /* Build configuration list for PBXNativeTarget "OCSlimProjectTestBundleSupportTestsMac" */ = {
			isa = XCConfigurationList;
			buildConfigurations = (
				8C464DEB1D59D4230000EF7B /* Debug */,
				8C464DEC1D59D4230000EF7B /* Release */,
			);
			defaultConfigurationIsVisible = 0;
			defaultConfigurationName = Release;
		};
		8C4747521D5B8649005BE970 /* Build configuration list for PBXNativeTarget "OCSlimProject_AcceptanceUnitTestBundleMac" */ = {
			isa = XCConfigurationList;
			buildConfigurations = (
				8C4747501D5B8649005BE970 /* Debug */,
				8C4747511D5B8649005BE970 /* Release */,
			);
			defaultConfigurationIsVisible = 0;
			defaultConfigurationName = Release;
		};
		8C4747721D5B877E005BE970 /* Build configuration list for PBXNativeTarget "OCSlimProject_ExampleMac" */ = {
			isa = XCConfigurationList;
			buildConfigurations = (
				8C4747731D5B877E005BE970 /* Debug */,
				8C4747741D5B877E005BE970 /* Release */,
			);
			defaultConfigurationIsVisible = 0;
			defaultConfigurationName = Release;
		};
/* End XCConfigurationList section */
	};
	rootObject = 607FACC81AFB9204008FA782 /* Project object */;
}
