// !$*UTF8*$!
{
	archiveVersion = 1;
	classes = {
	};
	objectVersion = 46;
	objects = {

/* Begin PBXBuildFile section */
		607FACD61AFB9204008FA782 /* AppDelegate.swift in Sources */ = {isa = PBXBuildFile; fileRef = 607FACD51AFB9204008FA782 /* AppDelegate.swift */; };
		607FACD81AFB9204008FA782 /* ViewController.swift in Sources */ = {isa = PBXBuildFile; fileRef = 607FACD71AFB9204008FA782 /* ViewController.swift */; };
		607FACDB1AFB9204008FA782 /* Main.storyboard in Resources */ = {isa = PBXBuildFile; fileRef = 607FACD91AFB9204008FA782 /* Main.storyboard */; };
		607FACDD1AFB9204008FA782 /* Images.xcassets in Resources */ = {isa = PBXBuildFile; fileRef = 607FACDC1AFB9204008FA782 /* Images.xcassets */; };
		607FACE01AFB9204008FA782 /* LaunchScreen.xib in Resources */ = {isa = PBXBuildFile; fileRef = 607FACDE1AFB9204008FA782 /* LaunchScreen.xib */; };
		8C07D1F11C35385100CF88BE /* OCSlimProject_AcceptanceTests.m in Sources */ = {isa = PBXBuildFile; fileRef = 8C07D1F01C35385100CF88BE /* OCSlimProject_AcceptanceTests.m */; };
		8C07D1F41C35385100CF88BE /* FixtureExample.swift in Sources */ = {isa = PBXBuildFile; fileRef = 8C07D1F31C35385100CF88BE /* FixtureExample.swift */; };
		8C07D2041C35388000CF88BE /* OCSlimProject_AcceptanceTestsMac.m in Sources */ = {isa = PBXBuildFile; fileRef = 8C07D2031C35388000CF88BE /* OCSlimProject_AcceptanceTestsMac.m */; };
		8C07D2071C35388000CF88BE /* FixtureExample.swift in Sources */ = {isa = PBXBuildFile; fileRef = 8C07D2061C35388000CF88BE /* FixtureExample.swift */; };
		8C07D20B1C35388000CF88BE /* Empty.xib in Resources */ = {isa = PBXBuildFile; fileRef = 8C07D20A1C35388000CF88BE /* Empty.xib */; };
		8C2EB3FF1D369246000C22FA /* OCSPJUnitTestAsserterTests.m in Sources */ = {isa = PBXBuildFile; fileRef = 8C2EB3FC1D369246000C22FA /* OCSPJUnitTestAsserterTests.m */; };
		8C2EB4031D369267000C22FA /* OCSlimProjectFitnesseTestMainTests.m in Sources */ = {isa = PBXBuildFile; fileRef = 8C2EB4001D369267000C22FA /* OCSlimProjectFitnesseTestMainTests.m */; };
		8C634EC41D37D4F700E95652 /* OCSlimProjectFitnesseTestsMain.m in Sources */ = {isa = PBXBuildFile; fileRef = 8C2EB4021D369267000C22FA /* OCSlimProjectFitnesseTestsMain.m */; };
		8C634EC51D37D4FA00E95652 /* OCSPAssertRecorder.m in Sources */ = {isa = PBXBuildFile; fileRef = 8C634EB11D379FAD00E95652 /* OCSPAssertRecorder.m */; };
		8C634EC61D37D4FC00E95652 /* OCSPJUnitTestAsserter.m in Sources */ = {isa = PBXBuildFile; fileRef = 8C2EB3FB1D369246000C22FA /* OCSPJUnitTestAsserter.m */; };
		8C634EC71D37D50000E95652 /* OCSPJUnitXMLParser.m in Sources */ = {isa = PBXBuildFile; fileRef = 8C634EBC1D37BF5500E95652 /* OCSPJUnitXMLParser.m */; };
		8C634EC81D37D50200E95652 /* OCSlimFitnesseTestReportReader.m in Sources */ = {isa = PBXBuildFile; fileRef = 8C634EB41D37A1C600E95652 /* OCSlimFitnesseTestReportReader.m */; };
		8C634EC91D37D50500E95652 /* OCSlimProjectTestDataManager.m in Sources */ = {isa = PBXBuildFile; fileRef = 8C634EB91D37BD4400E95652 /* OCSlimProjectTestDataManager.m */; };
		8CA8B2C41D4026DF00DF9423 /* OCSlimProject_AcceptanceTests_TestBundle.m in Sources */ = {isa = PBXBuildFile; fileRef = 8CA8B2C31D4026DF00DF9423 /* OCSlimProject_AcceptanceTests_TestBundle.m */; };
		8CADF8EB1D38DA6A00731FF5 /* OCSlimFitnesseTestReportReaderTests.m in Sources */ = {isa = PBXBuildFile; fileRef = 8CADF8E91D38DA5E00731FF5 /* OCSlimFitnesseTestReportReaderTests.m */; };
		8CADF8EC1D38DA6E00731FF5 /* OCSPJUnitXMLParserTests.m in Sources */ = {isa = PBXBuildFile; fileRef = 8CADF8E71D38DA4A00731FF5 /* OCSPJUnitXMLParserTests.m */; };
		8CCDA9BA1D42052800AF6F30 /* SuiteTestResultSuccess-3.xml in Resources */ = {isa = PBXBuildFile; fileRef = 8CCDA9B81D42024000AF6F30 /* SuiteTestResultSuccess-3.xml */; };
		8CEAFB051D3FB5950080BE39 /* SuiteTestResultFailures.xml in Resources */ = {isa = PBXBuildFile; fileRef = 8CEAFB001D3FB29E0080BE39 /* SuiteTestResultFailures.xml */; };
		8CEAFB061D3FB5950080BE39 /* SuiteTestResultSuccess.xml in Resources */ = {isa = PBXBuildFile; fileRef = 8CEAFB011D3FB29E0080BE39 /* SuiteTestResultSuccess.xml */; };
		8CEAFB081D3FB6390080BE39 /* Fitnesse-Test-Report.xml in Resources */ = {isa = PBXBuildFile; fileRef = 8CEAFB071D3FB6390080BE39 /* Fitnesse-Test-Report.xml */; };
/* End PBXBuildFile section */

/* Begin PBXFileReference section */
		492AC4917F3A0C8C878E021F /* README.md */ = {isa = PBXFileReference; includeInIndex = 1; lastKnownFileType = net.daringfireball.markdown; name = README.md; path = ../README.md; sourceTree = "<group>"; };
		607FACD01AFB9204008FA782 /* OCSlimProject_Example.app */ = {isa = PBXFileReference; explicitFileType = wrapper.application; includeInIndex = 0; path = OCSlimProject_Example.app; sourceTree = BUILT_PRODUCTS_DIR; };
		607FACD41AFB9204008FA782 /* Info.plist */ = {isa = PBXFileReference; lastKnownFileType = text.plist.xml; path = Info.plist; sourceTree = "<group>"; };
		607FACD51AFB9204008FA782 /* AppDelegate.swift */ = {isa = PBXFileReference; lastKnownFileType = sourcecode.swift; path = AppDelegate.swift; sourceTree = "<group>"; };
		607FACD71AFB9204008FA782 /* ViewController.swift */ = {isa = PBXFileReference; lastKnownFileType = sourcecode.swift; path = ViewController.swift; sourceTree = "<group>"; };
		607FACDA1AFB9204008FA782 /* Base */ = {isa = PBXFileReference; lastKnownFileType = file.storyboard; name = Base; path = Base.lproj/Main.storyboard; sourceTree = "<group>"; };
		607FACDC1AFB9204008FA782 /* Images.xcassets */ = {isa = PBXFileReference; lastKnownFileType = folder.assetcatalog; path = Images.xcassets; sourceTree = "<group>"; };
		607FACDF1AFB9204008FA782 /* Base */ = {isa = PBXFileReference; lastKnownFileType = file.xib; name = Base; path = Base.lproj/LaunchScreen.xib; sourceTree = "<group>"; };
		8C07D1ED1C35385100CF88BE /* OCSlimProject_AcceptanceTests.app */ = {isa = PBXFileReference; explicitFileType = wrapper.application; includeInIndex = 0; path = OCSlimProject_AcceptanceTests.app; sourceTree = BUILT_PRODUCTS_DIR; };
		8C07D1F01C35385100CF88BE /* OCSlimProject_AcceptanceTests.m */ = {isa = PBXFileReference; lastKnownFileType = sourcecode.c.objc; path = OCSlimProject_AcceptanceTests.m; sourceTree = "<group>"; };
		8C07D1F31C35385100CF88BE /* FixtureExample.swift */ = {isa = PBXFileReference; lastKnownFileType = sourcecode.swift; path = FixtureExample.swift; sourceTree = "<group>"; };
		8C07D1F51C35385100CF88BE /* SlimTables.h */ = {isa = PBXFileReference; lastKnownFileType = sourcecode.c.h; path = SlimTables.h; sourceTree = "<group>"; };
		8C07D1F61C35385100CF88BE /* OCSlimProject_AcceptanceTests-Bridging-Header.h */ = {isa = PBXFileReference; lastKnownFileType = sourcecode.c.h; path = "OCSlimProject_AcceptanceTests-Bridging-Header.h"; sourceTree = "<group>"; };
		8C07D1F71C35385100CF88BE /* Info.plist */ = {isa = PBXFileReference; lastKnownFileType = text.plist.xml; name = Info.plist; path = OCSlimProject_AcceptanceTests/Info.plist; sourceTree = "<group>"; };
		8C07D2001C35388000CF88BE /* OCSlimProject_AcceptanceTestsMac.app */ = {isa = PBXFileReference; explicitFileType = wrapper.application; includeInIndex = 0; path = OCSlimProject_AcceptanceTestsMac.app; sourceTree = BUILT_PRODUCTS_DIR; };
		8C07D2031C35388000CF88BE /* OCSlimProject_AcceptanceTestsMac.m */ = {isa = PBXFileReference; lastKnownFileType = sourcecode.c.objc; path = OCSlimProject_AcceptanceTestsMac.m; sourceTree = "<group>"; };
		8C07D2061C35388000CF88BE /* FixtureExample.swift */ = {isa = PBXFileReference; lastKnownFileType = sourcecode.swift; path = FixtureExample.swift; sourceTree = "<group>"; };
		8C07D2081C35388000CF88BE /* SlimTables.h */ = {isa = PBXFileReference; lastKnownFileType = sourcecode.c.h; path = SlimTables.h; sourceTree = "<group>"; };
		8C07D2091C35388000CF88BE /* OCSlimProject_AcceptanceTestsMac-Bridging-Header.h */ = {isa = PBXFileReference; lastKnownFileType = sourcecode.c.h; path = "OCSlimProject_AcceptanceTestsMac-Bridging-Header.h"; sourceTree = "<group>"; };
		8C07D20A1C35388000CF88BE /* Empty.xib */ = {isa = PBXFileReference; lastKnownFileType = file.xib; path = Empty.xib; sourceTree = "<group>"; };
		8C07D20C1C35388000CF88BE /* Info.plist */ = {isa = PBXFileReference; lastKnownFileType = text.plist.xml; name = Info.plist; path = OCSlimProject_AcceptanceTestsMac/Info.plist; sourceTree = "<group>"; };
		8C23FB9D1D401D7F00A09FD5 /* OCSlimProject_AcceptanceTests_TestBundle.xctest */ = {isa = PBXFileReference; explicitFileType = wrapper.cfbundle; includeInIndex = 0; path = OCSlimProject_AcceptanceTests_TestBundle.xctest; sourceTree = BUILT_PRODUCTS_DIR; };
		8C23FBA11D401D7F00A09FD5 /* Info.plist */ = {isa = PBXFileReference; lastKnownFileType = text.plist.xml; path = Info.plist; sourceTree = "<group>"; };
		8C2EB3FA1D369246000C22FA /* OCSPJUnitTestAsserter.h */ = {isa = PBXFileReference; fileEncoding = 4; lastKnownFileType = sourcecode.c.h; name = OCSPJUnitTestAsserter.h; path = ../../Pod/TestClasses/OCSPJUnitTestAsserter.h; sourceTree = "<group>"; };
		8C2EB3FB1D369246000C22FA /* OCSPJUnitTestAsserter.m */ = {isa = PBXFileReference; fileEncoding = 4; lastKnownFileType = sourcecode.c.objc; name = OCSPJUnitTestAsserter.m; path = ../../Pod/TestClasses/OCSPJUnitTestAsserter.m; sourceTree = "<group>"; };
		8C2EB3FC1D369246000C22FA /* OCSPJUnitTestAsserterTests.m */ = {isa = PBXFileReference; fileEncoding = 4; lastKnownFileType = sourcecode.c.objc; name = OCSPJUnitTestAsserterTests.m; path = ../../Pod/TestClasses/OCSPJUnitTestAsserterTests.m; sourceTree = "<group>"; };
		8C2EB4001D369267000C22FA /* OCSlimProjectFitnesseTestMainTests.m */ = {isa = PBXFileReference; fileEncoding = 4; lastKnownFileType = sourcecode.c.objc; name = OCSlimProjectFitnesseTestMainTests.m; path = ../../Pod/TestClasses/OCSlimProjectFitnesseTestMainTests.m; sourceTree = "<group>"; };
		8C2EB4011D369267000C22FA /* OCSlimProjectFitnesseTestsMain.h */ = {isa = PBXFileReference; fileEncoding = 4; lastKnownFileType = sourcecode.c.h; name = OCSlimProjectFitnesseTestsMain.h; path = ../../Pod/TestClasses/OCSlimProjectFitnesseTestsMain.h; sourceTree = "<group>"; };
		8C2EB4021D369267000C22FA /* OCSlimProjectFitnesseTestsMain.m */ = {isa = PBXFileReference; fileEncoding = 4; lastKnownFileType = sourcecode.c.objc; name = OCSlimProjectFitnesseTestsMain.m; path = ../../Pod/TestClasses/OCSlimProjectFitnesseTestsMain.m; sourceTree = "<group>"; };
		8C634EB01D379FAD00E95652 /* OCSPAssertRecorder.h */ = {isa = PBXFileReference; lastKnownFileType = sourcecode.c.h; name = OCSPAssertRecorder.h; path = ../../Pod/TestClasses/OCSPAssertRecorder.h; sourceTree = "<group>"; };
		8C634EB11D379FAD00E95652 /* OCSPAssertRecorder.m */ = {isa = PBXFileReference; lastKnownFileType = sourcecode.c.objc; name = OCSPAssertRecorder.m; path = ../../Pod/TestClasses/OCSPAssertRecorder.m; sourceTree = "<group>"; };
		8C634EB31D37A1C600E95652 /* OCSlimFitnesseTestReportReader.h */ = {isa = PBXFileReference; fileEncoding = 4; lastKnownFileType = sourcecode.c.h; name = OCSlimFitnesseTestReportReader.h; path = ../../Pod/TestClasses/OCSlimFitnesseTestReportReader.h; sourceTree = "<group>"; };
		8C634EB41D37A1C600E95652 /* OCSlimFitnesseTestReportReader.m */ = {isa = PBXFileReference; fileEncoding = 4; lastKnownFileType = sourcecode.c.objc; name = OCSlimFitnesseTestReportReader.m; path = ../../Pod/TestClasses/OCSlimFitnesseTestReportReader.m; sourceTree = "<group>"; };
		8C634EB81D37BD4400E95652 /* OCSlimProjectTestDataManager.h */ = {isa = PBXFileReference; fileEncoding = 4; lastKnownFileType = sourcecode.c.h; name = OCSlimProjectTestDataManager.h; path = ../../Pod/TestClasses/OCSlimProjectTestDataManager.h; sourceTree = "<group>"; };
		8C634EB91D37BD4400E95652 /* OCSlimProjectTestDataManager.m */ = {isa = PBXFileReference; fileEncoding = 4; lastKnownFileType = sourcecode.c.objc; name = OCSlimProjectTestDataManager.m; path = ../../Pod/TestClasses/OCSlimProjectTestDataManager.m; sourceTree = "<group>"; };
		8C634EBB1D37BF5500E95652 /* OCSPJUnitXMLParser.h */ = {isa = PBXFileReference; fileEncoding = 4; lastKnownFileType = sourcecode.c.h; name = OCSPJUnitXMLParser.h; path = ../../Pod/TestClasses/OCSPJUnitXMLParser.h; sourceTree = "<group>"; };
		8C634EBC1D37BF5500E95652 /* OCSPJUnitXMLParser.m */ = {isa = PBXFileReference; fileEncoding = 4; lastKnownFileType = sourcecode.c.objc; name = OCSPJUnitXMLParser.m; path = ../../Pod/TestClasses/OCSPJUnitXMLParser.m; sourceTree = "<group>"; };
		8CA8B2C31D4026DF00DF9423 /* OCSlimProject_AcceptanceTests_TestBundle.m */ = {isa = PBXFileReference; fileEncoding = 4; lastKnownFileType = sourcecode.c.objc; path = OCSlimProject_AcceptanceTests_TestBundle.m; sourceTree = "<group>"; };
		8CADF8E71D38DA4A00731FF5 /* OCSPJUnitXMLParserTests.m */ = {isa = PBXFileReference; fileEncoding = 4; lastKnownFileType = sourcecode.c.objc; name = OCSPJUnitXMLParserTests.m; path = ../../Pod/TestClasses/OCSPJUnitXMLParserTests.m; sourceTree = "<group>"; };
		8CADF8E91D38DA5E00731FF5 /* OCSlimFitnesseTestReportReaderTests.m */ = {isa = PBXFileReference; fileEncoding = 4; lastKnownFileType = sourcecode.c.objc; name = OCSlimFitnesseTestReportReaderTests.m; path = ../../Pod/TestClasses/OCSlimFitnesseTestReportReaderTests.m; sourceTree = "<group>"; };
		8CBAFE641D1A817D007D52D2 /* OCSlimProject_TestBundleSupport_Tests.xctest */ = {isa = PBXFileReference; explicitFileType = wrapper.cfbundle; includeInIndex = 0; path = OCSlimProject_TestBundleSupport_Tests.xctest; sourceTree = BUILT_PRODUCTS_DIR; };
		8CBAFE681D1A817D007D52D2 /* Info.plist */ = {isa = PBXFileReference; lastKnownFileType = text.plist.xml; path = Info.plist; sourceTree = "<group>"; };
		8CCDA9B81D42024000AF6F30 /* SuiteTestResultSuccess-3.xml */ = {isa = PBXFileReference; fileEncoding = 4; lastKnownFileType = text.xml; path = "SuiteTestResultSuccess-3.xml"; sourceTree = "<group>"; };
		8CEAFB001D3FB29E0080BE39 /* SuiteTestResultFailures.xml */ = {isa = PBXFileReference; fileEncoding = 4; lastKnownFileType = text.xml; name = SuiteTestResultFailures.xml; path = OCSlimProject_TestBundleSupport_Tests/SuiteTestResultFailures.xml; sourceTree = SOURCE_ROOT; };
		8CEAFB011D3FB29E0080BE39 /* SuiteTestResultSuccess.xml */ = {isa = PBXFileReference; fileEncoding = 4; lastKnownFileType = text.xml; name = SuiteTestResultSuccess.xml; path = OCSlimProject_TestBundleSupport_Tests/SuiteTestResultSuccess.xml; sourceTree = SOURCE_ROOT; };
		8CEAFB071D3FB6390080BE39 /* Fitnesse-Test-Report.xml */ = {isa = PBXFileReference; fileEncoding = 4; lastKnownFileType = text.xml; name = "Fitnesse-Test-Report.xml"; path = "OCSlimProject_TestBundleSupport_Tests/Fitnesse-Test-Report.xml"; sourceTree = SOURCE_ROOT; };
		8CEDB5D71C1369E0009E0997 /* OCSlimProject.podspec */ = {isa = PBXFileReference; lastKnownFileType = text; name = OCSlimProject.podspec; path = ../OCSlimProject.podspec; sourceTree = "<group>"; };
		C64212E34011403DA3EA430E /* LICENSE */ = {isa = PBXFileReference; includeInIndex = 1; lastKnownFileType = text; name = LICENSE; path = ../LICENSE; sourceTree = "<group>"; };
/* End PBXFileReference section */

/* Begin PBXFrameworksBuildPhase section */
		607FACCD1AFB9204008FA782 /* Frameworks */ = {
			isa = PBXFrameworksBuildPhase;
			buildActionMask = 2147483647;
			files = (
			);
			runOnlyForDeploymentPostprocessing = 0;
		};
		8C07D1E91C35385100CF88BE /* Frameworks */ = {
			isa = PBXFrameworksBuildPhase;
			buildActionMask = 2147483647;
			files = (
			);
			runOnlyForDeploymentPostprocessing = 0;
		};
		8C07D1FC1C35388000CF88BE /* Frameworks */ = {
			isa = PBXFrameworksBuildPhase;
			buildActionMask = 2147483647;
			files = (
			);
			runOnlyForDeploymentPostprocessing = 0;
		};
		8C23FB991D401D7F00A09FD5 /* Frameworks */ = {
			isa = PBXFrameworksBuildPhase;
			buildActionMask = 2147483647;
			files = (
			);
			runOnlyForDeploymentPostprocessing = 0;
		};
		8CBAFE611D1A817D007D52D2 /* Frameworks */ = {
			isa = PBXFrameworksBuildPhase;
			buildActionMask = 2147483647;
			files = (
			);
			runOnlyForDeploymentPostprocessing = 0;
		};
/* End PBXFrameworksBuildPhase section */

/* Begin PBXGroup section */
		607FACC71AFB9204008FA782 = {
			isa = PBXGroup;
			children = (
				607FACF51AFB993E008FA782 /* Podspec Metadata */,
				607FACD21AFB9204008FA782 /* Example for OCSlimProject */,
				8CFBB16F1D395E9C00A6C7DC /* Example OCSlimProject iOS Acceptance Tests */,
				8CFBB16E1D395E7700A6C7DC /* Example OCSlimProject Mac Acceptance Tests (Faster) */,
				8C23FB9E1D401D7F00A09FD5 /* Example OCSlimProject Acceptance Unit Tests Bundle */,
				8CBAFE651D1A817D007D52D2 /* OCSlimProject Test Bundle Support Tests */,
				607FACD11AFB9204008FA782 /* Products */,
			);
			sourceTree = "<group>";
		};
		607FACD11AFB9204008FA782 /* Products */ = {
			isa = PBXGroup;
			children = (
				607FACD01AFB9204008FA782 /* OCSlimProject_Example.app */,
				8C07D1ED1C35385100CF88BE /* OCSlimProject_AcceptanceTests.app */,
				8C07D2001C35388000CF88BE /* OCSlimProject_AcceptanceTestsMac.app */,
				8CBAFE641D1A817D007D52D2 /* OCSlimProject_TestBundleSupport_Tests.xctest */,
				8C23FB9D1D401D7F00A09FD5 /* OCSlimProject_AcceptanceTests_TestBundle.xctest */,
			);
			name = Products;
			sourceTree = "<group>";
		};
		607FACD21AFB9204008FA782 /* Example for OCSlimProject */ = {
			isa = PBXGroup;
			children = (
				607FACD51AFB9204008FA782 /* AppDelegate.swift */,
				607FACD71AFB9204008FA782 /* ViewController.swift */,
				607FACD91AFB9204008FA782 /* Main.storyboard */,
				607FACDC1AFB9204008FA782 /* Images.xcassets */,
				607FACDE1AFB9204008FA782 /* LaunchScreen.xib */,
				607FACD31AFB9204008FA782 /* Supporting Files */,
			);
			name = "Example for OCSlimProject";
			path = OCSlimProject;
			sourceTree = "<group>";
		};
		607FACD31AFB9204008FA782 /* Supporting Files */ = {
			isa = PBXGroup;
			children = (
				607FACD41AFB9204008FA782 /* Info.plist */,
			);
			name = "Supporting Files";
			sourceTree = "<group>";
		};
		607FACF51AFB993E008FA782 /* Podspec Metadata */ = {
			isa = PBXGroup;
			children = (
				8CEDB5D71C1369E0009E0997 /* OCSlimProject.podspec */,
				492AC4917F3A0C8C878E021F /* README.md */,
				C64212E34011403DA3EA430E /* LICENSE */,
			);
			name = "Podspec Metadata";
			sourceTree = "<group>";
		};
		8C07D1EF1C35385100CF88BE /* Supporting Files */ = {
			isa = PBXGroup;
			children = (
				8C07D1F01C35385100CF88BE /* OCSlimProject_AcceptanceTests.m */,
				8C07D1F51C35385100CF88BE /* SlimTables.h */,
				8C07D1F61C35385100CF88BE /* OCSlimProject_AcceptanceTests-Bridging-Header.h */,
			);
			name = "Supporting Files";
			path = OCSlimProject_AcceptanceTests;
			sourceTree = "<group>";
		};
		8C07D1F21C35385100CF88BE /* Fixtures */ = {
			isa = PBXGroup;
			children = (
				8C07D1F31C35385100CF88BE /* FixtureExample.swift */,
			);
			name = Fixtures;
			path = OCSlimProject_AcceptanceTests;
			sourceTree = "<group>";
		};
		8C07D2021C35388000CF88BE /* Supporting Files */ = {
			isa = PBXGroup;
			children = (
				8C07D2031C35388000CF88BE /* OCSlimProject_AcceptanceTestsMac.m */,
				8C07D2081C35388000CF88BE /* SlimTables.h */,
				8C07D2091C35388000CF88BE /* OCSlimProject_AcceptanceTestsMac-Bridging-Header.h */,
				8C07D20A1C35388000CF88BE /* Empty.xib */,
			);
			name = "Supporting Files";
			path = OCSlimProject_AcceptanceTestsMac;
			sourceTree = "<group>";
		};
		8C07D2051C35388000CF88BE /* Fixtures */ = {
			isa = PBXGroup;
			children = (
				8C07D2061C35388000CF88BE /* FixtureExample.swift */,
			);
			name = Fixtures;
			path = OCSlimProject_AcceptanceTestsMac;
			sourceTree = "<group>";
		};
		8C23FB9E1D401D7F00A09FD5 /* Example OCSlimProject Acceptance Unit Tests Bundle */ = {
			isa = PBXGroup;
			children = (
				8CA8B2C31D4026DF00DF9423 /* OCSlimProject_AcceptanceTests_TestBundle.m */,
				8C23FBA11D401D7F00A09FD5 /* Info.plist */,
			);
			name = "Example OCSlimProject Acceptance Unit Tests Bundle";
			path = OCSlimProject_AcceptanceTests_TestBundle;
			sourceTree = "<group>";
		};
		8C634EC21D37D12B00E95652 /* Test Data Manager */ = {
			isa = PBXGroup;
			children = (
				8C634EB81D37BD4400E95652 /* OCSlimProjectTestDataManager.h */,
				8C634EB91D37BD4400E95652 /* OCSlimProjectTestDataManager.m */,
			);
			name = "Test Data Manager";
			sourceTree = "<group>";
		};
		8CAB865E1D1C074600773B43 /* JUnit Test Assertion */ = {
			isa = PBXGroup;
			children = (
				8C634EB01D379FAD00E95652 /* OCSPAssertRecorder.h */,
				8C634EB11D379FAD00E95652 /* OCSPAssertRecorder.m */,
				8C2EB3FA1D369246000C22FA /* OCSPJUnitTestAsserter.h */,
				8C2EB3FB1D369246000C22FA /* OCSPJUnitTestAsserter.m */,
				8C2EB3FC1D369246000C22FA /* OCSPJUnitTestAsserterTests.m */,
			);
			name = "JUnit Test Assertion";
			sourceTree = "<group>";
		};
		8CBAFE651D1A817D007D52D2 /* OCSlimProject Test Bundle Support Tests */ = {
			isa = PBXGroup;
			children = (
				8CF88A6A1D1ACDB2001C6C5E /* Fitnesse Test Main */,
				8CAB865E1D1C074600773B43 /* JUnit Test Assertion */,
				8CF88A6B1D1ACDC6001C6C5E /* JUnit XML Parser */,
				8CF88A661D1ACD4D001C6C5E /* Fitnesse Test Data Support */,
				8CBAFE721D1A8B4A007D52D2 /* Supporting Files */,
			);
			name = "OCSlimProject Test Bundle Support Tests";
			path = OCSlimProject_TestBundleSupport_Tests;
			sourceTree = "<group>";
		};
		8CBAFE721D1A8B4A007D52D2 /* Supporting Files */ = {
			isa = PBXGroup;
			children = (
				8CBAFE681D1A817D007D52D2 /* Info.plist */,
			);
			name = "Supporting Files";
			path = ../OCSlimProject_TestBundleSupport_Tests;
			sourceTree = "<group>";
		};
		8CEAFB041D3FB2A20080BE39 /* Test Data Example Files */ = {
			isa = PBXGroup;
			children = (
				8CEAFB071D3FB6390080BE39 /* Fitnesse-Test-Report.xml */,
				8CEAFB001D3FB29E0080BE39 /* SuiteTestResultFailures.xml */,
				8CEAFB011D3FB29E0080BE39 /* SuiteTestResultSuccess.xml */,
				8CCDA9B81D42024000AF6F30 /* SuiteTestResultSuccess-3.xml */,
			);
			name = "Test Data Example Files";
			sourceTree = "<group>";
		};
		8CF88A661D1ACD4D001C6C5E /* Fitnesse Test Data Support */ = {
			isa = PBXGroup;
			children = (
				8CF88A671D1ACD5C001C6C5E /* Test Data Reader */,
				8C634EC21D37D12B00E95652 /* Test Data Manager */,
				8CEAFB041D3FB2A20080BE39 /* Test Data Example Files */,
			);
			name = "Fitnesse Test Data Support";
			sourceTree = "<group>";
		};
		8CF88A671D1ACD5C001C6C5E /* Test Data Reader */ = {
			isa = PBXGroup;
			children = (
				8C634EB31D37A1C600E95652 /* OCSlimFitnesseTestReportReader.h */,
				8C634EB41D37A1C600E95652 /* OCSlimFitnesseTestReportReader.m */,
				8CADF8E91D38DA5E00731FF5 /* OCSlimFitnesseTestReportReaderTests.m */,
			);
			name = "Test Data Reader";
			sourceTree = "<group>";
		};
		8CF88A6A1D1ACDB2001C6C5E /* Fitnesse Test Main */ = {
			isa = PBXGroup;
			children = (
				8C2EB4011D369267000C22FA /* OCSlimProjectFitnesseTestsMain.h */,
				8C2EB4021D369267000C22FA /* OCSlimProjectFitnesseTestsMain.m */,
				8C2EB4001D369267000C22FA /* OCSlimProjectFitnesseTestMainTests.m */,
			);
			name = "Fitnesse Test Main";
			sourceTree = "<group>";
		};
		8CF88A6B1D1ACDC6001C6C5E /* JUnit XML Parser */ = {
			isa = PBXGroup;
			children = (
				8C634EBB1D37BF5500E95652 /* OCSPJUnitXMLParser.h */,
				8C634EBC1D37BF5500E95652 /* OCSPJUnitXMLParser.m */,
				8CADF8E71D38DA4A00731FF5 /* OCSPJUnitXMLParserTests.m */,
			);
			name = "JUnit XML Parser";
			sourceTree = "<group>";
		};
		8CFBB16E1D395E7700A6C7DC /* Example OCSlimProject Mac Acceptance Tests (Faster) */ = {
			isa = PBXGroup;
			children = (
				8C07D20C1C35388000CF88BE /* Info.plist */,
				8C07D2051C35388000CF88BE /* Fixtures */,
				8C07D2021C35388000CF88BE /* Supporting Files */,
			);
			name = "Example OCSlimProject Mac Acceptance Tests (Faster)";
			sourceTree = "<group>";
		};
		8CFBB16F1D395E9C00A6C7DC /* Example OCSlimProject iOS Acceptance Tests */ = {
			isa = PBXGroup;
			children = (
				8C07D1F71C35385100CF88BE /* Info.plist */,
				8C07D1F21C35385100CF88BE /* Fixtures */,
				8C07D1EF1C35385100CF88BE /* Supporting Files */,
			);
			name = "Example OCSlimProject iOS Acceptance Tests";
			sourceTree = "<group>";
		};
/* End PBXGroup section */

/* Begin PBXNativeTarget section */
		607FACCF1AFB9204008FA782 /* OCSlimProject_Example */ = {
			isa = PBXNativeTarget;
			buildConfigurationList = 607FACEF1AFB9204008FA782 /* Build configuration list for PBXNativeTarget "OCSlimProject_Example" */;
			buildPhases = (
				607FACCC1AFB9204008FA782 /* Sources */,
				607FACCD1AFB9204008FA782 /* Frameworks */,
				607FACCE1AFB9204008FA782 /* Resources */,
			);
			buildRules = (
			);
			dependencies = (
			);
			name = OCSlimProject_Example;
			productName = CocoaSlim;
			productReference = 607FACD01AFB9204008FA782 /* OCSlimProject_Example.app */;
			productType = "com.apple.product-type.application";
		};
		8C07D1EC1C35385100CF88BE /* OCSlimProject_AcceptanceTests */ = {
			isa = PBXNativeTarget;
			buildConfigurationList = 8C07D1F81C35385100CF88BE /* Build configuration list for PBXNativeTarget "OCSlimProject_AcceptanceTests" */;
			buildPhases = (
				8C07D1E81C35385100CF88BE /* Sources */,
				8C07D1E91C35385100CF88BE /* Frameworks */,
				8C07D1EA1C35385100CF88BE /* Resources */,
				8C07D1EB1C35385100CF88BE /* ShellScript */,
			);
			buildRules = (
			);
			dependencies = (
			);
			name = OCSlimProject_AcceptanceTests;
			productName = OCSlimProject_AcceptanceTests;
			productReference = 8C07D1ED1C35385100CF88BE /* OCSlimProject_AcceptanceTests.app */;
			productType = "com.apple.product-type.application";
		};
		8C07D1FF1C35388000CF88BE /* OCSlimProject_AcceptanceTestsMac */ = {
			isa = PBXNativeTarget;
			buildConfigurationList = 8C07D20D1C35388000CF88BE /* Build configuration list for PBXNativeTarget "OCSlimProject_AcceptanceTestsMac" */;
			buildPhases = (
				8C07D1FB1C35388000CF88BE /* Sources */,
				8C07D1FC1C35388000CF88BE /* Frameworks */,
				8C07D1FD1C35388000CF88BE /* Resources */,
				8C07D1FE1C35388000CF88BE /* ShellScript */,
			);
			buildRules = (
			);
			dependencies = (
			);
			name = OCSlimProject_AcceptanceTestsMac;
			productName = OCSlimProject_AcceptanceTestsMac;
			productReference = 8C07D2001C35388000CF88BE /* OCSlimProject_AcceptanceTestsMac.app */;
			productType = "com.apple.product-type.application";
		};
		8C23FB9C1D401D7F00A09FD5 /* OCSlimProject_AcceptanceTests_TestBundle */ = {
			isa = PBXNativeTarget;
			buildConfigurationList = 8C23FBA21D401D7F00A09FD5 /* Build configuration list for PBXNativeTarget "OCSlimProject_AcceptanceTests_TestBundle" */;
			buildPhases = (
				8C23FB981D401D7F00A09FD5 /* Sources */,
				8C23FB991D401D7F00A09FD5 /* Frameworks */,
				8C23FB9A1D401D7F00A09FD5 /* Resources */,
				8C23FB9B1D401D7F00A09FD5 /* ShellScript */,
			);
			buildRules = (
			);
			dependencies = (
			);
			name = OCSlimProject_AcceptanceTests_TestBundle;
			productName = OCSlimProject_AcceptanceTests_TestBundle;
			productReference = 8C23FB9D1D401D7F00A09FD5 /* OCSlimProject_AcceptanceTests_TestBundle.xctest */;
			productType = "com.apple.product-type.bundle.unit-test";
		};
		8CBAFE631D1A817D007D52D2 /* OCSlimProject_TestBundleSupport_Tests */ = {
			isa = PBXNativeTarget;
			buildConfigurationList = 8CBAFE6B1D1A817D007D52D2 /* Build configuration list for PBXNativeTarget "OCSlimProject_TestBundleSupport_Tests" */;
			buildPhases = (
				8CBAFE601D1A817D007D52D2 /* Sources */,
				8CBAFE611D1A817D007D52D2 /* Frameworks */,
				8CBAFE621D1A817D007D52D2 /* Resources */,
			);
			buildRules = (
			);
			dependencies = (
			);
			name = OCSlimProject_TestBundleSupport_Tests;
			productName = OCSlimProject_FitnesseTests;
			productReference = 8CBAFE641D1A817D007D52D2 /* OCSlimProject_TestBundleSupport_Tests.xctest */;
			productType = "com.apple.product-type.bundle.unit-test";
		};
/* End PBXNativeTarget section */

/* Begin PBXProject section */
		607FACC81AFB9204008FA782 /* Project object */ = {
			isa = PBXProject;
			attributes = {
				LastSwiftUpdateCheck = 0730;
				LastUpgradeCheck = 0720;
				ORGANIZATIONNAME = CocoaPods;
				TargetAttributes = {
					607FACCF1AFB9204008FA782 = {
						CreatedOnToolsVersion = 6.3.1;
					};
					8C07D1EC1C35385100CF88BE = {
						CreatedOnToolsVersion = 7.2;
					};
					8C07D1FF1C35388000CF88BE = {
						CreatedOnToolsVersion = 7.2;
					};
					8C23FB9C1D401D7F00A09FD5 = {
						CreatedOnToolsVersion = 7.3.1;
					};
					8CBAFE631D1A817D007D52D2 = {
						CreatedOnToolsVersion = 7.3.1;
					};
				};
			};
			buildConfigurationList = 607FACCB1AFB9204008FA782 /* Build configuration list for PBXProject "OCSlimProject" */;
			compatibilityVersion = "Xcode 3.2";
			developmentRegion = English;
			hasScannedForEncodings = 0;
			knownRegions = (
				en,
				Base,
			);
			mainGroup = 607FACC71AFB9204008FA782;
			productRefGroup = 607FACD11AFB9204008FA782 /* Products */;
			projectDirPath = "";
			projectRoot = "";
			targets = (
				607FACCF1AFB9204008FA782 /* OCSlimProject_Example */,
				8C07D1EC1C35385100CF88BE /* OCSlimProject_AcceptanceTests */,
				8C07D1FF1C35388000CF88BE /* OCSlimProject_AcceptanceTestsMac */,
				8C23FB9C1D401D7F00A09FD5 /* OCSlimProject_AcceptanceTests_TestBundle */,
				8CBAFE631D1A817D007D52D2 /* OCSlimProject_TestBundleSupport_Tests */,
			);
		};
/* End PBXProject section */

/* Begin PBXResourcesBuildPhase section */
		607FACCE1AFB9204008FA782 /* Resources */ = {
			isa = PBXResourcesBuildPhase;
			buildActionMask = 2147483647;
			files = (
				607FACDB1AFB9204008FA782 /* Main.storyboard in Resources */,
				607FACE01AFB9204008FA782 /* LaunchScreen.xib in Resources */,
				607FACDD1AFB9204008FA782 /* Images.xcassets in Resources */,
			);
			runOnlyForDeploymentPostprocessing = 0;
		};
		8C07D1EA1C35385100CF88BE /* Resources */ = {
			isa = PBXResourcesBuildPhase;
			buildActionMask = 2147483647;
			files = (
			);
			runOnlyForDeploymentPostprocessing = 0;
		};
		8C07D1FD1C35388000CF88BE /* Resources */ = {
			isa = PBXResourcesBuildPhase;
			buildActionMask = 2147483647;
			files = (
				8C07D20B1C35388000CF88BE /* Empty.xib in Resources */,
			);
			runOnlyForDeploymentPostprocessing = 0;
		};
		8C23FB9A1D401D7F00A09FD5 /* Resources */ = {
			isa = PBXResourcesBuildPhase;
			buildActionMask = 2147483647;
			files = (
			);
			runOnlyForDeploymentPostprocessing = 0;
		};
		8CBAFE621D1A817D007D52D2 /* Resources */ = {
			isa = PBXResourcesBuildPhase;
			buildActionMask = 2147483647;
			files = (
				8CEAFB081D3FB6390080BE39 /* Fitnesse-Test-Report.xml in Resources */,
				8CCDA9BA1D42052800AF6F30 /* SuiteTestResultSuccess-3.xml in Resources */,
				8CEAFB051D3FB5950080BE39 /* SuiteTestResultFailures.xml in Resources */,
				8CEAFB061D3FB5950080BE39 /* SuiteTestResultSuccess.xml in Resources */,
			);
			runOnlyForDeploymentPostprocessing = 0;
		};
/* End PBXResourcesBuildPhase section */

/* Begin PBXShellScriptBuildPhase section */
		8C07D1EB1C35385100CF88BE /* ShellScript */ = {
			isa = PBXShellScriptBuildPhase;
			buildActionMask = 2147483647;
			files = (
			);
			inputPaths = (
			);
			outputPaths = (
			);
			runOnlyForDeploymentPostprocessing = 0;
			shellPath = /bin/sh;
			shellScript = "# Validate Project Build Settings\nif [ -z \"${OCSLIMPROJECT_BUNDLE_RESOURCES_DIR}\" ]; then\n   echo \"Missing expected OCSlimProject build settings. Running '$ pod update' may fix this problem\"\n   exit 1\nfi\n\n# Export Build Environment to Bundle Location\nENV_TARGET=${OCSLIMPROJECT_BUNDLE_RESOURCES_DIR}/env.sh\n\nfunction exportTestRunnerEnv {\n    mkdir -p \"$(dirname \"$ENV_TARGET\")\" && touch \"$ENV_TARGET\"\n    export | egrep '(INSTALL_DIR)|(PRODUCT_NAME)|(TARGET_BUILD_DIR)|(EXECUTABLE_FOLDER_PATH)|(DEPLOYMENT_TARGET_SUGGESTED_VALUES)|(EXECUTABLE_PATH)' > $ENV_TARGET\n}\n\n# Write Test Runner Script To Project Root\nTESTRUNNER_SOURCE=${OCSLIMPROJECT_BUNDLE_RESOURCES_DIR}/RunTestsTargetWithSlimPort\nTESTRUNNER_TARGET=${PROJECT_DIR}/OCSlimProjectTestRunner.sh\n\nfunction writeTestRunnerScript {\n    \n    if [ -f \"$TESTRUNNER_TARGET\" ]; then\n        rm $TESTRUNNER_TARGET\n    fi\n    \n    echo '#!/bin/sh' > $TESTRUNNER_TARGET\n    echo $TESTRUNNER_SOURCE '$1' >> $TESTRUNNER_TARGET\n    chmod +x $TESTRUNNER_TARGET\n    \n}\n\n# Symbolic Link LaunchFitnesse to Project Root\nLAUNCHFITNESSE_SCRIPTNAME=LaunchFitnesse\nLAUNCHFITNESSE_SOURCE=${OCSLIMPROJECT_BUNDLE_RESOURCES_DIR}/$LAUNCHFITNESSE_SCRIPTNAME\nLAUNCHFITNESSE_TARGET=${PROJECT_DIR}/$LAUNCHFITNESSE_SCRIPTNAME\n\nfunction linkFitnesseScript {\n    \n    if [ -L $LAUNCHFITNESSE_TARGET ]; then\n        unlink $LAUNCHFITNESSE_TARGET\n    fi\n    \n    ln -s $LAUNCHFITNESSE_SOURCE $(dirname \"$LAUNCHFITNESSE_TARGET\")\n}\n\n\n###\n\nexportTestRunnerEnv\nwriteTestRunnerScript\nlinkFitnesseScript";
		};
		8C07D1FE1C35388000CF88BE /* ShellScript */ = {
			isa = PBXShellScriptBuildPhase;
			buildActionMask = 2147483647;
			files = (
			);
			inputPaths = (
			);
			outputPaths = (
			);
			runOnlyForDeploymentPostprocessing = 0;
			shellPath = /bin/sh;
			shellScript = "# Validate Project Build Settings\nif [ -z \"${OCSLIMPROJECT_BUNDLE_RESOURCES_DIR}\" ]; then\n   echo \"Missing expected OCSlimProject build settings. Running '$ pod update' may fix this problem\"\n   exit 1\nfi\n\n# Export Build Environment to Bundle Location\nENV_TARGET=${OCSLIMPROJECT_BUNDLE_RESOURCES_DIR}/env.sh\n\nfunction exportTestRunnerEnv {\n    mkdir -p \"$(dirname \"$ENV_TARGET\")\" && touch \"$ENV_TARGET\"\n    export | egrep '(INSTALL_DIR)|(PRODUCT_NAME)|(TARGET_BUILD_DIR)|(EXECUTABLE_FOLDER_PATH)|(DEPLOYMENT_TARGET_SUGGESTED_VALUES)|(EXECUTABLE_PATH)' > $ENV_TARGET\n}\n\n# Write Test Runner Script To Project Root\nTESTRUNNER_SOURCE=${OCSLIMPROJECT_BUNDLE_RESOURCES_DIR}/RunTestsTargetWithSlimPort\nTESTRUNNER_TARGET=${PROJECT_DIR}/OCSlimProjectTestRunner.sh\n\nfunction writeTestRunnerScript {\n    \n    if [ -f \"$TESTRUNNER_TARGET\" ]; then\n        rm $TESTRUNNER_TARGET\n    fi\n    \n    echo '#!/bin/sh' > $TESTRUNNER_TARGET\n    echo $TESTRUNNER_SOURCE '$1' >> $TESTRUNNER_TARGET\n    chmod +x $TESTRUNNER_TARGET\n    \n}\n\n# Symbolic Link LaunchFitnesse to Project Root\nLAUNCHFITNESSE_SCRIPTNAME=LaunchFitnesse\nLAUNCHFITNESSE_SOURCE=${OCSLIMPROJECT_BUNDLE_RESOURCES_DIR}/$LAUNCHFITNESSE_SCRIPTNAME\nLAUNCHFITNESSE_TARGET=${PROJECT_DIR}/$LAUNCHFITNESSE_SCRIPTNAME\n\nfunction linkFitnesseScript {\n    \n    if [ -L $LAUNCHFITNESSE_TARGET ]; then\n        unlink $LAUNCHFITNESSE_TARGET\n    fi\n    \n    ln -s $LAUNCHFITNESSE_SOURCE $(dirname \"$LAUNCHFITNESSE_TARGET\")\n}\n\n\n###\n\nexportTestRunnerEnv\nwriteTestRunnerScript\nlinkFitnesseScript";
		};
		8C23FB9B1D401D7F00A09FD5 /* ShellScript */ = {
			isa = PBXShellScriptBuildPhase;
			buildActionMask = 2147483647;
			files = (
			);
			inputPaths = (
			);
			outputPaths = (
			);
			runOnlyForDeploymentPostprocessing = 0;
			shellPath = /bin/sh;
			shellScript = "\n\t\t\t\t\t\nREPORT_OUTPUT_FILE_PATH=\"${OCSLIMPROJECT_FITNESSE_TEST_REPORT_PATH}\"\n\nLOG_FILE_PATH=\"${PROJECT_DIR}/${TARGET_NAME}.log\"\n\n${PROJECT_DIR}/LaunchFitnesse -d \"${PROJECT_DIR}\" -b \"$REPORT_OUTPUT_FILE_PATH\" --test \"OCSlimProjectExamplePage\" > \"$LOG_FILE_PATH\"\n\n\t\t\t\t\t";
		};
/* End PBXShellScriptBuildPhase section */

/* Begin PBXSourcesBuildPhase section */
		607FACCC1AFB9204008FA782 /* Sources */ = {
			isa = PBXSourcesBuildPhase;
			buildActionMask = 2147483647;
			files = (
				607FACD81AFB9204008FA782 /* ViewController.swift in Sources */,
				607FACD61AFB9204008FA782 /* AppDelegate.swift in Sources */,
			);
			runOnlyForDeploymentPostprocessing = 0;
		};
		8C07D1E81C35385100CF88BE /* Sources */ = {
			isa = PBXSourcesBuildPhase;
			buildActionMask = 2147483647;
			files = (
				8C07D1F41C35385100CF88BE /* FixtureExample.swift in Sources */,
				8C07D1F11C35385100CF88BE /* OCSlimProject_AcceptanceTests.m in Sources */,
			);
			runOnlyForDeploymentPostprocessing = 0;
		};
		8C07D1FB1C35388000CF88BE /* Sources */ = {
			isa = PBXSourcesBuildPhase;
			buildActionMask = 2147483647;
			files = (
				8C07D2071C35388000CF88BE /* FixtureExample.swift in Sources */,
				8C07D2041C35388000CF88BE /* OCSlimProject_AcceptanceTestsMac.m in Sources */,
			);
			runOnlyForDeploymentPostprocessing = 0;
		};
		8C23FB981D401D7F00A09FD5 /* Sources */ = {
			isa = PBXSourcesBuildPhase;
			buildActionMask = 2147483647;
			files = (
				8CA8B2C41D4026DF00DF9423 /* OCSlimProject_AcceptanceTests_TestBundle.m in Sources */,
			);
			runOnlyForDeploymentPostprocessing = 0;
		};
		8CBAFE601D1A817D007D52D2 /* Sources */ = {
			isa = PBXSourcesBuildPhase;
			buildActionMask = 2147483647;
			files = (
				8C634EC41D37D4F700E95652 /* OCSlimProjectFitnesseTestsMain.m in Sources */,
				8CADF8EC1D38DA6E00731FF5 /* OCSPJUnitXMLParserTests.m in Sources */,
				8C634EC71D37D50000E95652 /* OCSPJUnitXMLParser.m in Sources */,
				8C2EB4031D369267000C22FA /* OCSlimProjectFitnesseTestMainTests.m in Sources */,
				8C634EC51D37D4FA00E95652 /* OCSPAssertRecorder.m in Sources */,
				8C634EC91D37D50500E95652 /* OCSlimProjectTestDataManager.m in Sources */,
				8C634EC81D37D50200E95652 /* OCSlimFitnesseTestReportReader.m in Sources */,
				8CADF8EB1D38DA6A00731FF5 /* OCSlimFitnesseTestReportReaderTests.m in Sources */,
				8C634EC61D37D4FC00E95652 /* OCSPJUnitTestAsserter.m in Sources */,
				8C2EB3FF1D369246000C22FA /* OCSPJUnitTestAsserterTests.m in Sources */,
			);
			runOnlyForDeploymentPostprocessing = 0;
		};
/* End PBXSourcesBuildPhase section */

/* Begin PBXVariantGroup section */
		607FACD91AFB9204008FA782 /* Main.storyboard */ = {
			isa = PBXVariantGroup;
			children = (
				607FACDA1AFB9204008FA782 /* Base */,
			);
			name = Main.storyboard;
			sourceTree = "<group>";
		};
		607FACDE1AFB9204008FA782 /* LaunchScreen.xib */ = {
			isa = PBXVariantGroup;
			children = (
				607FACDF1AFB9204008FA782 /* Base */,
			);
			name = LaunchScreen.xib;
			sourceTree = "<group>";
		};
/* End PBXVariantGroup section */

/* Begin XCBuildConfiguration section */
		607FACED1AFB9204008FA782 /* Debug */ = {
			isa = XCBuildConfiguration;
			buildSettings = {
				ALWAYS_SEARCH_USER_PATHS = NO;
				CLANG_CXX_LANGUAGE_STANDARD = "gnu++0x";
				CLANG_CXX_LIBRARY = "libc++";
				CLANG_ENABLE_MODULES = YES;
				CLANG_ENABLE_OBJC_ARC = YES;
				CLANG_WARN_BOOL_CONVERSION = YES;
				CLANG_WARN_CONSTANT_CONVERSION = YES;
				CLANG_WARN_DIRECT_OBJC_ISA_USAGE = YES_ERROR;
				CLANG_WARN_EMPTY_BODY = YES;
				CLANG_WARN_ENUM_CONVERSION = YES;
				CLANG_WARN_INT_CONVERSION = YES;
				CLANG_WARN_OBJC_ROOT_CLASS = YES_ERROR;
				CLANG_WARN_UNREACHABLE_CODE = YES;
				CLANG_WARN__DUPLICATE_METHOD_MATCH = YES;
				"CODE_SIGN_IDENTITY[sdk=iphoneos*]" = "iPhone Developer";
				COPY_PHASE_STRIP = NO;
				DEBUG_INFORMATION_FORMAT = "dwarf-with-dsym";
				ENABLE_STRICT_OBJC_MSGSEND = YES;
				ENABLE_TESTABILITY = YES;
				GCC_C_LANGUAGE_STANDARD = gnu99;
				GCC_DYNAMIC_NO_PIC = NO;
				GCC_NO_COMMON_BLOCKS = YES;
				GCC_OPTIMIZATION_LEVEL = 0;
				GCC_PREPROCESSOR_DEFINITIONS = (
					"DEBUG=1",
					"$(inherited)",
				);
				GCC_SYMBOLS_PRIVATE_EXTERN = NO;
				GCC_WARN_64_TO_32_BIT_CONVERSION = YES;
				GCC_WARN_ABOUT_RETURN_TYPE = YES_ERROR;
				GCC_WARN_UNDECLARED_SELECTOR = YES;
				GCC_WARN_UNINITIALIZED_AUTOS = YES_AGGRESSIVE;
				GCC_WARN_UNUSED_FUNCTION = YES;
				GCC_WARN_UNUSED_VARIABLE = YES;
				IPHONEOS_DEPLOYMENT_TARGET = 8.3;
				MTL_ENABLE_DEBUG_INFO = YES;
				ONLY_ACTIVE_ARCH = YES;
				SDKROOT = iphoneos;
				SWIFT_OPTIMIZATION_LEVEL = "-Onone";
			};
			name = Debug;
		};
		607FACEE1AFB9204008FA782 /* Release */ = {
			isa = XCBuildConfiguration;
			buildSettings = {
				ALWAYS_SEARCH_USER_PATHS = NO;
				CLANG_CXX_LANGUAGE_STANDARD = "gnu++0x";
				CLANG_CXX_LIBRARY = "libc++";
				CLANG_ENABLE_MODULES = YES;
				CLANG_ENABLE_OBJC_ARC = YES;
				CLANG_WARN_BOOL_CONVERSION = YES;
				CLANG_WARN_CONSTANT_CONVERSION = YES;
				CLANG_WARN_DIRECT_OBJC_ISA_USAGE = YES_ERROR;
				CLANG_WARN_EMPTY_BODY = YES;
				CLANG_WARN_ENUM_CONVERSION = YES;
				CLANG_WARN_INT_CONVERSION = YES;
				CLANG_WARN_OBJC_ROOT_CLASS = YES_ERROR;
				CLANG_WARN_UNREACHABLE_CODE = YES;
				CLANG_WARN__DUPLICATE_METHOD_MATCH = YES;
				"CODE_SIGN_IDENTITY[sdk=iphoneos*]" = "iPhone Developer";
				COPY_PHASE_STRIP = NO;
				DEBUG_INFORMATION_FORMAT = "dwarf-with-dsym";
				ENABLE_NS_ASSERTIONS = NO;
				ENABLE_STRICT_OBJC_MSGSEND = YES;
				GCC_C_LANGUAGE_STANDARD = gnu99;
				GCC_NO_COMMON_BLOCKS = YES;
				GCC_WARN_64_TO_32_BIT_CONVERSION = YES;
				GCC_WARN_ABOUT_RETURN_TYPE = YES_ERROR;
				GCC_WARN_UNDECLARED_SELECTOR = YES;
				GCC_WARN_UNINITIALIZED_AUTOS = YES_AGGRESSIVE;
				GCC_WARN_UNUSED_FUNCTION = YES;
				GCC_WARN_UNUSED_VARIABLE = YES;
				IPHONEOS_DEPLOYMENT_TARGET = 8.3;
				MTL_ENABLE_DEBUG_INFO = NO;
				SDKROOT = iphoneos;
				VALIDATE_PRODUCT = YES;
			};
			name = Release;
		};
		607FACF01AFB9204008FA782 /* Debug */ = {
			isa = XCBuildConfiguration;
			buildSettings = {
				ASSETCATALOG_COMPILER_APPICON_NAME = AppIcon;
				CLANG_ENABLE_MODULES = YES;
				INFOPLIST_FILE = OCSlimProject/Info.plist;
				LD_RUNPATH_SEARCH_PATHS = "$(inherited) @executable_path/Frameworks";
				MODULE_NAME = ExampleApp;
				PRODUCT_BUNDLE_IDENTIFIER = "org.cocoapods.demo.$(PRODUCT_NAME:rfc1034identifier)";
				PRODUCT_NAME = OCSlimProject_Example;
				SWIFT_OPTIMIZATION_LEVEL = "-Onone";
			};
			name = Debug;
		};
		607FACF11AFB9204008FA782 /* Release */ = {
			isa = XCBuildConfiguration;
			buildSettings = {
				ASSETCATALOG_COMPILER_APPICON_NAME = AppIcon;
				CLANG_ENABLE_MODULES = YES;
				INFOPLIST_FILE = OCSlimProject/Info.plist;
				LD_RUNPATH_SEARCH_PATHS = "$(inherited) @executable_path/Frameworks";
				MODULE_NAME = ExampleApp;
				PRODUCT_BUNDLE_IDENTIFIER = "org.cocoapods.demo.$(PRODUCT_NAME:rfc1034identifier)";
				PRODUCT_NAME = OCSlimProject_Example;
			};
			name = Release;
		};
		8C07D1F91C35385100CF88BE /* Debug */ = {
			isa = XCBuildConfiguration;
			buildSettings = {
				DEBUG_INFORMATION_FORMAT = dwarf;
				INFOPLIST_FILE = OCSlimProject_AcceptanceTests/Info.plist;
				IPHONEOS_DEPLOYMENT_TARGET = 9.2;
				LD_RUNPATH_SEARCH_PATHS = "$(inherited) @executable_path/Frameworks";
				PRODUCT_BUNDLE_IDENTIFIER = "io.cleankit.OCSlimProject-AcceptanceTests";
				PRODUCT_NAME = "$(TARGET_NAME)";
				SWIFT_OBJC_BRIDGING_HEADER = "OCSlimProject_AcceptanceTests/OCSlimProject_AcceptanceTests-Bridging-Header.h";
			};
			name = Debug;
		};
		8C07D1FA1C35385100CF88BE /* Release */ = {
			isa = XCBuildConfiguration;
			buildSettings = {
				INFOPLIST_FILE = OCSlimProject_AcceptanceTests/Info.plist;
				IPHONEOS_DEPLOYMENT_TARGET = 9.2;
				LD_RUNPATH_SEARCH_PATHS = "$(inherited) @executable_path/Frameworks";
				PRODUCT_BUNDLE_IDENTIFIER = "io.cleankit.OCSlimProject-AcceptanceTests";
				PRODUCT_NAME = "$(TARGET_NAME)";
				SWIFT_OBJC_BRIDGING_HEADER = "OCSlimProject_AcceptanceTests/OCSlimProject_AcceptanceTests-Bridging-Header.h";
			};
			name = Release;
		};
		8C07D20E1C35388000CF88BE /* Debug */ = {
			isa = XCBuildConfiguration;
			buildSettings = {
				CODE_SIGN_IDENTITY = "-";
				COMBINE_HIDPI_IMAGES = YES;
				DEBUG_INFORMATION_FORMAT = dwarf;
				INFOPLIST_FILE = OCSlimProject_AcceptanceTestsMac/Info.plist;
				LD_RUNPATH_SEARCH_PATHS = "$(inherited) @executable_path/../Frameworks";
				MACOSX_DEPLOYMENT_TARGET = 10.11;
				PRODUCT_BUNDLE_IDENTIFIER = "io.cleankit.OCSlimProject-AcceptanceTestsMac";
				PRODUCT_NAME = "$(TARGET_NAME)";
				SDKROOT = macosx;
				SWIFT_OBJC_BRIDGING_HEADER = "OCSlimProject_AcceptanceTestsMac/OCSlimProject_AcceptanceTestsMac-Bridging-Header.h";
			};
			name = Debug;
		};
		8C07D20F1C35388000CF88BE /* Release */ = {
			isa = XCBuildConfiguration;
			buildSettings = {
				CODE_SIGN_IDENTITY = "-";
				COMBINE_HIDPI_IMAGES = YES;
				INFOPLIST_FILE = OCSlimProject_AcceptanceTestsMac/Info.plist;
				LD_RUNPATH_SEARCH_PATHS = "$(inherited) @executable_path/../Frameworks";
				MACOSX_DEPLOYMENT_TARGET = 10.11;
				PRODUCT_BUNDLE_IDENTIFIER = "io.cleankit.OCSlimProject-AcceptanceTestsMac";
				PRODUCT_NAME = "$(TARGET_NAME)";
				SDKROOT = macosx;
				SWIFT_OBJC_BRIDGING_HEADER = "OCSlimProject_AcceptanceTestsMac/OCSlimProject_AcceptanceTestsMac-Bridging-Header.h";
			};
			name = Release;
		};
		8C23FBA31D401D7F00A09FD5 /* Debug */ = {
			isa = XCBuildConfiguration;
			buildSettings = {
				CLANG_ANALYZER_NONNULL = YES;
				CLANG_ENABLE_MODULES = YES;
				CODE_SIGN_IDENTITY = "-";
				DEBUG_INFORMATION_FORMAT = dwarf;
				INFOPLIST_FILE = OCSlimProject_AcceptanceTests_TestBundle/Info.plist;
				LD_RUNPATH_SEARCH_PATHS = "$(inherited) @executable_path/../Frameworks @loader_path/../Frameworks";
				MACOSX_DEPLOYMENT_TARGET = 10.11;
				PRODUCT_BUNDLE_IDENTIFIER = "net.stringerstheory.OCSlimProject-AcceptanceTests-TestBundle";
				PRODUCT_NAME = "$(TARGET_NAME)";
				SDKROOT = macosx;
				SWIFT_OPTIMIZATION_LEVEL = "-Onone";
			};
			name = Debug;
		};
		8C23FBA41D401D7F00A09FD5 /* Release */ = {
			isa = XCBuildConfiguration;
			buildSettings = {
				CLANG_ANALYZER_NONNULL = YES;
				CLANG_ENABLE_MODULES = YES;
				CODE_SIGN_IDENTITY = "-";
				INFOPLIST_FILE = OCSlimProject_AcceptanceTests_TestBundle/Info.plist;
				LD_RUNPATH_SEARCH_PATHS = "$(inherited) @executable_path/../Frameworks @loader_path/../Frameworks";
				MACOSX_DEPLOYMENT_TARGET = 10.11;
				PRODUCT_BUNDLE_IDENTIFIER = "net.stringerstheory.OCSlimProject-AcceptanceTests-TestBundle";
				PRODUCT_NAME = "$(TARGET_NAME)";
				SDKROOT = macosx;
			};
			name = Release;
		};
		8CBAFE691D1A817D007D52D2 /* Debug */ = {
			isa = XCBuildConfiguration;
			buildSettings = {
				CLANG_ANALYZER_NONNULL = YES;
				CLANG_ENABLE_MODULES = YES;
				DEBUG_INFORMATION_FORMAT = dwarf;
				INFOPLIST_FILE = OCSlimProject_TestBundleSupport_Tests/Info.plist;
				IPHONEOS_DEPLOYMENT_TARGET = 9.3;
				LD_RUNPATH_SEARCH_PATHS = "$(inherited) @executable_path/Frameworks @loader_path/Frameworks";
				PRODUCT_BUNDLE_IDENTIFIER = net.stringerstheory.OCSlimProjectTestBundleSupportTests;
				PRODUCT_NAME = "$(TARGET_NAME)";
				SWIFT_OPTIMIZATION_LEVEL = "-Onone";
			};
			name = Debug;
		};
		8CBAFE6A1D1A817D007D52D2 /* Release */ = {
			isa = XCBuildConfiguration;
			buildSettings = {
				CLANG_ANALYZER_NONNULL = YES;
				CLANG_ENABLE_MODULES = YES;
				INFOPLIST_FILE = OCSlimProject_TestBundleSupport_Tests/Info.plist;
				IPHONEOS_DEPLOYMENT_TARGET = 9.3;
				LD_RUNPATH_SEARCH_PATHS = "$(inherited) @executable_path/Frameworks @loader_path/Frameworks";
				PRODUCT_BUNDLE_IDENTIFIER = net.stringerstheory.OCSlimProjectTestBundleSupportTests;
				PRODUCT_NAME = "$(TARGET_NAME)";
			};
			name = Release;
		};
/* End XCBuildConfiguration section */

/* Begin XCConfigurationList section */
		607FACCB1AFB9204008FA782 /* Build configuration list for PBXProject "OCSlimProject" */ = {
			isa = XCConfigurationList;
			buildConfigurations = (
				607FACED1AFB9204008FA782 /* Debug */,
				607FACEE1AFB9204008FA782 /* Release */,
			);
			defaultConfigurationIsVisible = 0;
			defaultConfigurationName = Release;
		};
		607FACEF1AFB9204008FA782 /* Build configuration list for PBXNativeTarget "OCSlimProject_Example" */ = {
			isa = XCConfigurationList;
			buildConfigurations = (
				607FACF01AFB9204008FA782 /* Debug */,
				607FACF11AFB9204008FA782 /* Release */,
			);
			defaultConfigurationIsVisible = 0;
			defaultConfigurationName = Release;
		};
		8C07D1F81C35385100CF88BE /* Build configuration list for PBXNativeTarget "OCSlimProject_AcceptanceTests" */ = {
			isa = XCConfigurationList;
			buildConfigurations = (
				8C07D1F91C35385100CF88BE /* Debug */,
				8C07D1FA1C35385100CF88BE /* Release */,
			);
			defaultConfigurationIsVisible = 0;
			defaultConfigurationName = Release;
		};
		8C07D20D1C35388000CF88BE /* Build configuration list for PBXNativeTarget "OCSlimProject_AcceptanceTestsMac" */ = {
			isa = XCConfigurationList;
			buildConfigurations = (
				8C07D20E1C35388000CF88BE /* Debug */,
				8C07D20F1C35388000CF88BE /* Release */,
			);
			defaultConfigurationIsVisible = 0;
			defaultConfigurationName = Release;
		};
		8C23FBA21D401D7F00A09FD5 /* Build configuration list for PBXNativeTarget "OCSlimProject_AcceptanceTests_TestBundle" */ = {
			isa = XCConfigurationList;
			buildConfigurations = (
				8C23FBA31D401D7F00A09FD5 /* Debug */,
				8C23FBA41D401D7F00A09FD5 /* Release */,
			);
			defaultConfigurationIsVisible = 0;
			defaultConfigurationName = Release;
		};
		8CBAFE6B1D1A817D007D52D2 /* Build configuration list for PBXNativeTarget "OCSlimProject_TestBundleSupport_Tests" */ = {
			isa = XCConfigurationList;
			buildConfigurations = (
				8CBAFE691D1A817D007D52D2 /* Debug */,
				8CBAFE6A1D1A817D007D52D2 /* Release */,
			);
			defaultConfigurationIsVisible = 0;
			defaultConfigurationName = Release;
		};
/* End XCConfigurationList section */
	};
	rootObject = 607FACC81AFB9204008FA782 /* Project object */;
}
